
Microsoft Visual Studio Solution File, Format Version 12.00
# Visual Studio Version 16
VisualStudioVersion = 16.0.31424.327
MinimumVisualStudioVersion = 10.0.40219.1
Project("{9A19103F-16F7-4668-BE54-9A1E7A4F7556}") = "consola", "consola\consola.csproj", "{36DB50B3-8A25-4726-A5C5-3E31FCECE06E}"
EndProject
Project("{2150E333-8FDC-42A3-9474-1A3956D46DE8}") = "introduccion a CSharp", "introduccion a CSharp", "{66F319ED-8E7E-4627-B83D-5EE0719C3E8F}"
EndProject
Project("{9A19103F-16F7-4668-BE54-9A1E7A4F7556}") = "MIConsolaNetCore", "MIConsolaNetCore\MIConsolaNetCore.csproj", "{65BF4DD9-8498-47E0-9BA6-507D0F0A24F6}"
EndProject
Project("{2150E333-8FDC-42A3-9474-1A3956D46DE8}") = "variables", "variables", "{A17E5375-1593-4D7B-9380-7FFD660BF807}"
EndProject
Project("{FAE04EC0-301F-11D3-BF4B-00C04F79EFBC}") = "variables", "variables\variables.csproj", "{E0D61B4C-5825-4932-B3DA-BF0D21E9F209}"
EndProject
Project("{FAE04EC0-301F-11D3-BF4B-00C04F79EFBC}") = "CursoCSharp_3_nomenclatura", "CursoCSharp_3_nomenclatura\CursoCSharp_3_nomenclatura.csproj", "{208B58A7-2C10-43BB-8A86-DA935E8CE8D4}"
EndProject
Project("{FAE04EC0-301F-11D3-BF4B-00C04F79EFBC}") = "CursoCSharp_3_constantes", "CursoCSharp_3_constantes\CursoCSharp_3_constantes.csproj", "{9228147D-F681-40E7-999B-5817893D8247}"
EndProject
Project("{FAE04EC0-301F-11D3-BF4B-00C04F79EFBC}") = "CursoCSharp_3_if_else", "CursoCSharp_3_if_else\CursoCSharp_3_if_else.csproj", "{0726BA8C-994D-4B1E-B4E1-DBBBCB7FA6B4}"
EndProject
Project("{FAE04EC0-301F-11D3-BF4B-00C04F79EFBC}") = "CursoCSharp_3_switch", "CursoCSharp_3_switch\CursoCSharp_3_switch.csproj", "{8E83F3A4-706E-4C74-AFB1-5C78E80B8FAD}"
EndProject
Project("{FAE04EC0-301F-11D3-BF4B-00C04F79EFBC}") = "CursoCSharp_3_do_while", "CursoCSharp_3_do_while\CursoCSharp_3_do_while.csproj", "{D1E540A5-4350-4134-9667-72C3CBEDE0E3}"
EndProject
Project("{FAE04EC0-301F-11D3-BF4B-00C04F79EFBC}") = "CursoCSharp_3_foreach", "CursoCSharp_3_foreach\CursoCSharp_3_foreach.csproj", "{9B75798D-71A4-4A5B-9A51-9B2B49203D5F}"
EndProject
Project("{FAE04EC0-301F-11D3-BF4B-00C04F79EFBC}") = "CursoCSharp_3_operadores", "CursoCSharp_3_operadores\CursoCSharp_3_operadores.csproj", "{1E91CD37-1C06-4999-95FA-19D89400592F}"
EndProject
Project("{FAE04EC0-301F-11D3-BF4B-00C04F79EFBC}") = "CursoCSharp_3_conversiones", "CursoCSharp_3_conversiones\CursoCSharp_3_conversiones.csproj", "{A8E7AE21-4759-4EFC-BACB-646112ED77F6}"
EndProject
Project("{2150E333-8FDC-42A3-9474-1A3956D46DE8}") = "metodos", "metodos", "{F5FFF0B7-BA57-4F50-84C8-15A32C04AECE}"
EndProject
Project("{FAE04EC0-301F-11D3-BF4B-00C04F79EFBC}") = "seccion_5_metodos", "seccion_5_metodos\seccion_5_metodos.csproj", "{D3966CDF-13DD-4FF8-A383-5AAEA2D102A7}"
EndProject
Project("{FAE04EC0-301F-11D3-BF4B-00C04F79EFBC}") = "seccion_5_metodos_parametros_valor_referencia", "seccion_5_metodos_parametros_valor_referencia\seccion_5_metodos_parametros_valor_referencia.csproj", "{61C20BE3-936A-4743-921F-5E1338386FFE}"
EndProject
Project("{FAE04EC0-301F-11D3-BF4B-00C04F79EFBC}") = "seccion_5_funciones_locales", "seccion_5_funciones_locales\seccion_5_funciones_locales.csproj", "{054F48BD-74D8-4D56-87B6-3C43ADD8301A}"
EndProject
Project("{2150E333-8FDC-42A3-9474-1A3956D46DE8}") = "Seccion_6_cadenas", "Seccion_6_cadenas", "{5F5CB78F-34EA-4500-9277-C6302E1A4CC7}"
EndProject
Project("{FAE04EC0-301F-11D3-BF4B-00C04F79EFBC}") = "instroduccion_cadena", "instroduccion_cadena\instroduccion_cadena.csproj", "{A58AB6E2-6210-4158-A1BA-62E4E5811E80}"
EndProject
Project("{FAE04EC0-301F-11D3-BF4B-00C04F79EFBC}") = "concatenar_cadenas", "concatenar_cadenas\concatenar_cadenas.csproj", "{05A3BB25-427A-4ACE-8B03-3C22F76DE12E}"
EndProject
Project("{FAE04EC0-301F-11D3-BF4B-00C04F79EFBC}") = "string_builder_", "string_builder_\string_builder_.csproj", "{41BE4C32-91A0-46F9-AA95-12D88E317BD2}"
EndProject
Project("{FAE04EC0-301F-11D3-BF4B-00C04F79EFBC}") = "operaciones_cadena", "operaciones_cadena\operaciones_cadena.csproj", "{90F11B29-AF05-41BC-A529-2530A8456C94}"
EndProject
Global
	GlobalSection(SolutionConfigurationPlatforms) = preSolution
		Debug|Any CPU = Debug|Any CPU
		Release|Any CPU = Release|Any CPU
	EndGlobalSection
	GlobalSection(ProjectConfigurationPlatforms) = postSolution
		{36DB50B3-8A25-4726-A5C5-3E31FCECE06E}.Debug|Any CPU.ActiveCfg = Debug|Any CPU
		{36DB50B3-8A25-4726-A5C5-3E31FCECE06E}.Debug|Any CPU.Build.0 = Debug|Any CPU
		{36DB50B3-8A25-4726-A5C5-3E31FCECE06E}.Release|Any CPU.ActiveCfg = Release|Any CPU
		{36DB50B3-8A25-4726-A5C5-3E31FCECE06E}.Release|Any CPU.Build.0 = Release|Any CPU
		{65BF4DD9-8498-47E0-9BA6-507D0F0A24F6}.Debug|Any CPU.ActiveCfg = Debug|Any CPU
		{65BF4DD9-8498-47E0-9BA6-507D0F0A24F6}.Debug|Any CPU.Build.0 = Debug|Any CPU
		{65BF4DD9-8498-47E0-9BA6-507D0F0A24F6}.Release|Any CPU.ActiveCfg = Release|Any CPU
		{65BF4DD9-8498-47E0-9BA6-507D0F0A24F6}.Release|Any CPU.Build.0 = Release|Any CPU
		{E0D61B4C-5825-4932-B3DA-BF0D21E9F209}.Debug|Any CPU.ActiveCfg = Debug|Any CPU
		{E0D61B4C-5825-4932-B3DA-BF0D21E9F209}.Debug|Any CPU.Build.0 = Debug|Any CPU
		{E0D61B4C-5825-4932-B3DA-BF0D21E9F209}.Release|Any CPU.ActiveCfg = Release|Any CPU
		{E0D61B4C-5825-4932-B3DA-BF0D21E9F209}.Release|Any CPU.Build.0 = Release|Any CPU
		{208B58A7-2C10-43BB-8A86-DA935E8CE8D4}.Debug|Any CPU.ActiveCfg = Debug|Any CPU
		{208B58A7-2C10-43BB-8A86-DA935E8CE8D4}.Debug|Any CPU.Build.0 = Debug|Any CPU
		{208B58A7-2C10-43BB-8A86-DA935E8CE8D4}.Release|Any CPU.ActiveCfg = Release|Any CPU
		{208B58A7-2C10-43BB-8A86-DA935E8CE8D4}.Release|Any CPU.Build.0 = Release|Any CPU
		{9228147D-F681-40E7-999B-5817893D8247}.Debug|Any CPU.ActiveCfg = Debug|Any CPU
		{9228147D-F681-40E7-999B-5817893D8247}.Debug|Any CPU.Build.0 = Debug|Any CPU
		{9228147D-F681-40E7-999B-5817893D8247}.Release|Any CPU.ActiveCfg = Release|Any CPU
		{9228147D-F681-40E7-999B-5817893D8247}.Release|Any CPU.Build.0 = Release|Any CPU
		{0726BA8C-994D-4B1E-B4E1-DBBBCB7FA6B4}.Debug|Any CPU.ActiveCfg = Debug|Any CPU
		{0726BA8C-994D-4B1E-B4E1-DBBBCB7FA6B4}.Debug|Any CPU.Build.0 = Debug|Any CPU
		{0726BA8C-994D-4B1E-B4E1-DBBBCB7FA6B4}.Release|Any CPU.ActiveCfg = Release|Any CPU
		{0726BA8C-994D-4B1E-B4E1-DBBBCB7FA6B4}.Release|Any CPU.Build.0 = Release|Any CPU
		{8E83F3A4-706E-4C74-AFB1-5C78E80B8FAD}.Debug|Any CPU.ActiveCfg = Debug|Any CPU
		{8E83F3A4-706E-4C74-AFB1-5C78E80B8FAD}.Debug|Any CPU.Build.0 = Debug|Any CPU
		{8E83F3A4-706E-4C74-AFB1-5C78E80B8FAD}.Release|Any CPU.ActiveCfg = Release|Any CPU
		{8E83F3A4-706E-4C74-AFB1-5C78E80B8FAD}.Release|Any CPU.Build.0 = Release|Any CPU
		{D1E540A5-4350-4134-9667-72C3CBEDE0E3}.Debug|Any CPU.ActiveCfg = Debug|Any CPU
		{D1E540A5-4350-4134-9667-72C3CBEDE0E3}.Debug|Any CPU.Build.0 = Debug|Any CPU
		{D1E540A5-4350-4134-9667-72C3CBEDE0E3}.Release|Any CPU.ActiveCfg = Release|Any CPU
		{D1E540A5-4350-4134-9667-72C3CBEDE0E3}.Release|Any CPU.Build.0 = Release|Any CPU
		{9B75798D-71A4-4A5B-9A51-9B2B49203D5F}.Debug|Any CPU.ActiveCfg = Debug|Any CPU
		{9B75798D-71A4-4A5B-9A51-9B2B49203D5F}.Debug|Any CPU.Build.0 = Debug|Any CPU
		{9B75798D-71A4-4A5B-9A51-9B2B49203D5F}.Release|Any CPU.ActiveCfg = Release|Any CPU
		{9B75798D-71A4-4A5B-9A51-9B2B49203D5F}.Release|Any CPU.Build.0 = Release|Any CPU
		{1E91CD37-1C06-4999-95FA-19D89400592F}.Debug|Any CPU.ActiveCfg = Debug|Any CPU
		{1E91CD37-1C06-4999-95FA-19D89400592F}.Debug|Any CPU.Build.0 = Debug|Any CPU
		{1E91CD37-1C06-4999-95FA-19D89400592F}.Release|Any CPU.ActiveCfg = Release|Any CPU
		{1E91CD37-1C06-4999-95FA-19D89400592F}.Release|Any CPU.Build.0 = Release|Any CPU
		{A8E7AE21-4759-4EFC-BACB-646112ED77F6}.Debug|Any CPU.ActiveCfg = Debug|Any CPU
		{A8E7AE21-4759-4EFC-BACB-646112ED77F6}.Debug|Any CPU.Build.0 = Debug|Any CPU
		{A8E7AE21-4759-4EFC-BACB-646112ED77F6}.Release|Any CPU.ActiveCfg = Release|Any CPU
		{A8E7AE21-4759-4EFC-BACB-646112ED77F6}.Release|Any CPU.Build.0 = Release|Any CPU
		{D3966CDF-13DD-4FF8-A383-5AAEA2D102A7}.Debug|Any CPU.ActiveCfg = Debug|Any CPU
		{D3966CDF-13DD-4FF8-A383-5AAEA2D102A7}.Debug|Any CPU.Build.0 = Debug|Any CPU
		{D3966CDF-13DD-4FF8-A383-5AAEA2D102A7}.Release|Any CPU.ActiveCfg = Release|Any CPU
		{D3966CDF-13DD-4FF8-A383-5AAEA2D102A7}.Release|Any CPU.Build.0 = Release|Any CPU
		{61C20BE3-936A-4743-921F-5E1338386FFE}.Debug|Any CPU.ActiveCfg = Debug|Any CPU
		{61C20BE3-936A-4743-921F-5E1338386FFE}.Debug|Any CPU.Build.0 = Debug|Any CPU
		{61C20BE3-936A-4743-921F-5E1338386FFE}.Release|Any CPU.ActiveCfg = Release|Any CPU
		{61C20BE3-936A-4743-921F-5E1338386FFE}.Release|Any CPU.Build.0 = Release|Any CPU
		{054F48BD-74D8-4D56-87B6-3C43ADD8301A}.Debug|Any CPU.ActiveCfg = Debug|Any CPU
		{054F48BD-74D8-4D56-87B6-3C43ADD8301A}.Debug|Any CPU.Build.0 = Debug|Any CPU
		{054F48BD-74D8-4D56-87B6-3C43ADD8301A}.Release|Any CPU.ActiveCfg = Release|Any CPU
		{054F48BD-74D8-4D56-87B6-3C43ADD8301A}.Release|Any CPU.Build.0 = Release|Any CPU
		{A58AB6E2-6210-4158-A1BA-62E4E5811E80}.Debug|Any CPU.ActiveCfg = Debug|Any CPU
		{A58AB6E2-6210-4158-A1BA-62E4E5811E80}.Debug|Any CPU.Build.0 = Debug|Any CPU
		{A58AB6E2-6210-4158-A1BA-62E4E5811E80}.Release|Any CPU.ActiveCfg = Release|Any CPU
		{A58AB6E2-6210-4158-A1BA-62E4E5811E80}.Release|Any CPU.Build.0 = Release|Any CPU
		{05A3BB25-427A-4ACE-8B03-3C22F76DE12E}.Debug|Any CPU.ActiveCfg = Debug|Any CPU
		{05A3BB25-427A-4ACE-8B03-3C22F76DE12E}.Debug|Any CPU.Build.0 = Debug|Any CPU
		{05A3BB25-427A-4ACE-8B03-3C22F76DE12E}.Release|Any CPU.ActiveCfg = Release|Any CPU
		{05A3BB25-427A-4ACE-8B03-3C22F76DE12E}.Release|Any CPU.Build.0 = Release|Any CPU
		{41BE4C32-91A0-46F9-AA95-12D88E317BD2}.Debug|Any CPU.ActiveCfg = Debug|Any CPU
		{41BE4C32-91A0-46F9-AA95-12D88E317BD2}.Debug|Any CPU.Build.0 = Debug|Any CPU
		{41BE4C32-91A0-46F9-AA95-12D88E317BD2}.Release|Any CPU.ActiveCfg = Release|Any CPU
		{41BE4C32-91A0-46F9-AA95-12D88E317BD2}.Release|Any CPU.Build.0 = Release|Any CPU
		{90F11B29-AF05-41BC-A529-2530A8456C94}.Debug|Any CPU.ActiveCfg = Debug|Any CPU
		{90F11B29-AF05-41BC-A529-2530A8456C94}.Debug|Any CPU.Build.0 = Debug|Any CPU
		{90F11B29-AF05-41BC-A529-2530A8456C94}.Release|Any CPU.ActiveCfg = Release|Any CPU
		{90F11B29-AF05-41BC-A529-2530A8456C94}.Release|Any CPU.Build.0 = Release|Any CPU
	EndGlobalSection
	GlobalSection(SolutionProperties) = preSolution
		HideSolutionNode = FALSE
	EndGlobalSection
	GlobalSection(NestedProjects) = preSolution
		{65BF4DD9-8498-47E0-9BA6-507D0F0A24F6} = {66F319ED-8E7E-4627-B83D-5EE0719C3E8F}
		{A17E5375-1593-4D7B-9380-7FFD660BF807} = {66F319ED-8E7E-4627-B83D-5EE0719C3E8F}
		{E0D61B4C-5825-4932-B3DA-BF0D21E9F209} = {A17E5375-1593-4D7B-9380-7FFD660BF807}
		{208B58A7-2C10-43BB-8A86-DA935E8CE8D4} = {66F319ED-8E7E-4627-B83D-5EE0719C3E8F}
		{9228147D-F681-40E7-999B-5817893D8247} = {66F319ED-8E7E-4627-B83D-5EE0719C3E8F}
		{0726BA8C-994D-4B1E-B4E1-DBBBCB7FA6B4} = {66F319ED-8E7E-4627-B83D-5EE0719C3E8F}
		{8E83F3A4-706E-4C74-AFB1-5C78E80B8FAD} = {66F319ED-8E7E-4627-B83D-5EE0719C3E8F}
		{D1E540A5-4350-4134-9667-72C3CBEDE0E3} = {66F319ED-8E7E-4627-B83D-5EE0719C3E8F}
		{9B75798D-71A4-4A5B-9A51-9B2B49203D5F} = {66F319ED-8E7E-4627-B83D-5EE0719C3E8F}
		{1E91CD37-1C06-4999-95FA-19D89400592F} = {66F319ED-8E7E-4627-B83D-5EE0719C3E8F}
		{A8E7AE21-4759-4EFC-BACB-646112ED77F6} = {66F319ED-8E7E-4627-B83D-5EE0719C3E8F}
		{D3966CDF-13DD-4FF8-A383-5AAEA2D102A7} = {F5FFF0B7-BA57-4F50-84C8-15A32C04AECE}
		{61C20BE3-936A-4743-921F-5E1338386FFE} = {F5FFF0B7-BA57-4F50-84C8-15A32C04AECE}
		{054F48BD-74D8-4D56-87B6-3C43ADD8301A} = {F5FFF0B7-BA57-4F50-84C8-15A32C04AECE}
		{A58AB6E2-6210-4158-A1BA-62E4E5811E80} = {5F5CB78F-34EA-4500-9277-C6302E1A4CC7}
		{05A3BB25-427A-4ACE-8B03-3C22F76DE12E} = {5F5CB78F-34EA-4500-9277-C6302E1A4CC7}
		{41BE4C32-91A0-46F9-AA95-12D88E317BD2} = {5F5CB78F-34EA-4500-9277-C6302E1A4CC7}
		{90F11B29-AF05-41BC-A529-2530A8456C94} = {5F5CB78F-34EA-4500-9277-C6302E1A4CC7}
	EndGlobalSection
	GlobalSection(ExtensibilityGlobals) = postSolution
		SolutionGuid = {F217241F-541D-4D28-A4E8-9FF97213E2DA}
	EndGlobalSection
EndGlobal
