
Microsoft Visual Studio Solution File, Format Version 12.00
# Visual Studio Version 16
VisualStudioVersion = 16.0.31424.327
MinimumVisualStudioVersion = 10.0.40219.1
Project("{9A19103F-16F7-4668-BE54-9A1E7A4F7556}") = "consola", "consola\consola.csproj", "{36DB50B3-8A25-4726-A5C5-3E31FCECE06E}"
EndProject
Project("{2150E333-8FDC-42A3-9474-1A3956D46DE8}") = "introduccion a CSharp", "introduccion a CSharp", "{66F319ED-8E7E-4627-B83D-5EE0719C3E8F}"
EndProject
Project("{9A19103F-16F7-4668-BE54-9A1E7A4F7556}") = "MIConsolaNetCore", "MIConsolaNetCore\MIConsolaNetCore.csproj", "{65BF4DD9-8498-47E0-9BA6-507D0F0A24F6}"
EndProject
Project("{2150E333-8FDC-42A3-9474-1A3956D46DE8}") = "variables", "variables", "{A17E5375-1593-4D7B-9380-7FFD660BF807}"
EndProject
Project("{9A19103F-16F7-4668-BE54-9A1E7A4F7556}") = "variables", "variables\variables.csproj", "{E0D61B4C-5825-4932-B3DA-BF0D21E9F209}"
EndProject
Project("{9A19103F-16F7-4668-BE54-9A1E7A4F7556}") = "CursoCSharp_3_nomenclatura", "CursoCSharp_3_nomenclatura\CursoCSharp_3_nomenclatura.csproj", "{208B58A7-2C10-43BB-8A86-DA935E8CE8D4}"
EndProject
Project("{9A19103F-16F7-4668-BE54-9A1E7A4F7556}") = "CursoCSharp_3_constantes", "CursoCSharp_3_constantes\CursoCSharp_3_constantes.csproj", "{9228147D-F681-40E7-999B-5817893D8247}"
EndProject
Project("{9A19103F-16F7-4668-BE54-9A1E7A4F7556}") = "CursoCSharp_3_if_else", "CursoCSharp_3_if_else\CursoCSharp_3_if_else.csproj", "{0726BA8C-994D-4B1E-B4E1-DBBBCB7FA6B4}"
EndProject
Project("{9A19103F-16F7-4668-BE54-9A1E7A4F7556}") = "CursoCSharp_3_switch", "CursoCSharp_3_switch\CursoCSharp_3_switch.csproj", "{8E83F3A4-706E-4C74-AFB1-5C78E80B8FAD}"
EndProject
Project("{9A19103F-16F7-4668-BE54-9A1E7A4F7556}") = "CursoCSharp_3_do_while", "CursoCSharp_3_do_while\CursoCSharp_3_do_while.csproj", "{D1E540A5-4350-4134-9667-72C3CBEDE0E3}"
EndProject
Project("{9A19103F-16F7-4668-BE54-9A1E7A4F7556}") = "CursoCSharp_3_foreach", "CursoCSharp_3_foreach\CursoCSharp_3_foreach.csproj", "{9B75798D-71A4-4A5B-9A51-9B2B49203D5F}"
EndProject
Project("{9A19103F-16F7-4668-BE54-9A1E7A4F7556}") = "CursoCSharp_3_operadores", "CursoCSharp_3_operadores\CursoCSharp_3_operadores.csproj", "{1E91CD37-1C06-4999-95FA-19D89400592F}"
EndProject
Project("{9A19103F-16F7-4668-BE54-9A1E7A4F7556}") = "CursoCSharp_3_conversiones", "CursoCSharp_3_conversiones\CursoCSharp_3_conversiones.csproj", "{A8E7AE21-4759-4EFC-BACB-646112ED77F6}"
EndProject
Project("{2150E333-8FDC-42A3-9474-1A3956D46DE8}") = "metodos", "metodos", "{F5FFF0B7-BA57-4F50-84C8-15A32C04AECE}"
EndProject
Project("{9A19103F-16F7-4668-BE54-9A1E7A4F7556}") = "seccion_5_metodos", "seccion_5_metodos\seccion_5_metodos.csproj", "{D3966CDF-13DD-4FF8-A383-5AAEA2D102A7}"
EndProject
Project("{9A19103F-16F7-4668-BE54-9A1E7A4F7556}") = "seccion_5_metodos_parametros_valor_referencia", "seccion_5_metodos_parametros_valor_referencia\seccion_5_metodos_parametros_valor_referencia.csproj", "{61C20BE3-936A-4743-921F-5E1338386FFE}"
EndProject
Project("{9A19103F-16F7-4668-BE54-9A1E7A4F7556}") = "seccion_5_funciones_locales", "seccion_5_funciones_locales\seccion_5_funciones_locales.csproj", "{054F48BD-74D8-4D56-87B6-3C43ADD8301A}"
EndProject
Project("{2150E333-8FDC-42A3-9474-1A3956D46DE8}") = "Seccion_6_cadenas", "Seccion_6_cadenas", "{5F5CB78F-34EA-4500-9277-C6302E1A4CC7}"
EndProject
Project("{9A19103F-16F7-4668-BE54-9A1E7A4F7556}") = "instroduccion_cadena", "instroduccion_cadena\instroduccion_cadena.csproj", "{A58AB6E2-6210-4158-A1BA-62E4E5811E80}"
EndProject
Project("{9A19103F-16F7-4668-BE54-9A1E7A4F7556}") = "concatenar_cadenas", "concatenar_cadenas\concatenar_cadenas.csproj", "{05A3BB25-427A-4ACE-8B03-3C22F76DE12E}"
EndProject
Project("{9A19103F-16F7-4668-BE54-9A1E7A4F7556}") = "string_builder_", "string_builder_\string_builder_.csproj", "{41BE4C32-91A0-46F9-AA95-12D88E317BD2}"
EndProject
Project("{9A19103F-16F7-4668-BE54-9A1E7A4F7556}") = "operaciones_cadena", "operaciones_cadena\operaciones_cadena.csproj", "{90F11B29-AF05-41BC-A529-2530A8456C94}"
EndProject
Project("{2150E333-8FDC-42A3-9474-1A3956D46DE8}") = "seccion_7_colecciones", "seccion_7_colecciones", "{03430358-5969-4AAF-9CEB-CA8DDB86C6B4}"
EndProject
Project("{9A19103F-16F7-4668-BE54-9A1E7A4F7556}") = "intro_colecciones", "intro_colecciones\intro_colecciones.csproj", "{7AF21946-C8A4-4B84-8F18-243BF9FCD36D}"
EndProject
Project("{9A19103F-16F7-4668-BE54-9A1E7A4F7556}") = "seccion_7_array_list", "seccion_7_array_list\seccion_7_array_list.csproj", "{613595DF-9995-4560-9E22-750BD1D801B2}"
EndProject
Project("{9A19103F-16F7-4668-BE54-9A1E7A4F7556}") = "MiICompare", "MiICompare\MiICompare.csproj", "{2C274C01-7FE6-4C40-B611-5CB12234C9AD}"
EndProject
Project("{9A19103F-16F7-4668-BE54-9A1E7A4F7556}") = "mi_stack", "mi_stack\mi_stack.csproj", "{3A989444-F3BB-4537-B92E-8B0CB9A4DFC8}"
EndProject
Project("{9A19103F-16F7-4668-BE54-9A1E7A4F7556}") = "colas", "colas\colas.csproj", "{41FA8338-E1D6-4125-A367-677435C9D2C9}"
EndProject
Project("{9A19103F-16F7-4668-BE54-9A1E7A4F7556}") = "my_hash", "my_hash\my_hash.csproj", "{B04ACE54-80B4-4B54-A6FC-D88998682DDF}"
EndProject
Project("{2150E333-8FDC-42A3-9474-1A3956D46DE8}") = "Seccion_8_POO", "Seccion_8_POO", "{8DF98E65-5BD8-443A-90A5-5CFEDB42B755}"
EndProject
Project("{9A19103F-16F7-4668-BE54-9A1E7A4F7556}") = "clases_objetos", "clases_objetos\clases_objetos.csproj", "{4638AA02-353D-4452-9407-67E73F2A7529}"
EndProject
Project("{9A19103F-16F7-4668-BE54-9A1E7A4F7556}") = "abstraccion_08", "abstraccion_08\abstraccion_08.csproj", "{3D2145CE-BE27-4CF2-B7CC-C33257E4848E}"
EndProject
Project("{9A19103F-16F7-4668-BE54-9A1E7A4F7556}") = "polimorfismo_08", "polimorfismo_08\polimorfismo_08.csproj", "{A4AFA089-AEC2-4DA2-8C47-2827AD3A000F}"
EndProject
Project("{9A19103F-16F7-4668-BE54-9A1E7A4F7556}") = "polimorfismo_ejemplo", "polimorfismo_ejemplo\polimorfismo_ejemplo.csproj", "{9B412516-2B70-489F-9796-DC053BC36E40}"
EndProject
Project("{8BC9CEB8-8B4A-11D0-8D11-00A0C91BC942}") = "consola_microsoft_dotnet_normal", "consola_microsoft_dotnet_normal\consola_microsoft_dotnet_normal.vcxproj", "{A5F5E8AC-F132-4051-90FF-D7D97CBFE299}"
EndProject
Project("{9A19103F-16F7-4668-BE54-9A1E7A4F7556}") = "clases_estructuras", "clases_estructuras\clases_estructuras.csproj", "{61188D4F-AAAC-45E3-91E6-7AE4B46FFD23}"
EndProject
Project("{9A19103F-16F7-4668-BE54-9A1E7A4F7556}") = "clases_datos", "clases_datos\clases_datos.csproj", "{F804AAE3-1490-497D-A834-B5CEB8CA1846}"
EndProject
Project("{9A19103F-16F7-4668-BE54-9A1E7A4F7556}") = "propiedades", "propiedades\propiedades.csproj", "{537DE388-1E69-4B6A-ACEA-E69E2FF70FBC}"
EndProject
Project("{9A19103F-16F7-4668-BE54-9A1E7A4F7556}") = "metodos", "metodos\metodos.csproj", "{A946036F-04EF-4C32-86BA-EB49A92C27B1}"
EndProject
Project("{9A19103F-16F7-4668-BE54-9A1E7A4F7556}") = "niveles_acceso", "niveles_acceso\niveles_acceso.csproj", "{16EBC6D2-4738-40B1-A042-DAFB826A69B1}"
EndProject
Project("{9A19103F-16F7-4668-BE54-9A1E7A4F7556}") = "abstractas_virtuales", "abstractas_virtuales\abstractas_virtuales.csproj", "{9B173BD0-DB00-4E8C-B4CD-1311C610B620}"
EndProject
Project("{9A19103F-16F7-4668-BE54-9A1E7A4F7556}") = "clase_sellada", "clase_sellada\clase_sellada.csproj", "{B88474AB-D71E-4272-9BF3-2E8BA9900109}"
EndProject
Project("{9A19103F-16F7-4668-BE54-9A1E7A4F7556}") = "Clases_estaticas", "Clases_estaticas\Clases_estaticas.csproj", "{3D881FFF-EE18-48FA-A5B2-B6E04E4F3271}"
EndProject
Project("{9A19103F-16F7-4668-BE54-9A1E7A4F7556}") = "metodos_extension", "metodos_extension\metodos_extension.csproj", "{2C212412-7329-4A0E-9E2A-E6D240E5E08B}"
EndProject
Project("{FAE04EC0-301F-11D3-BF4B-00C04F79EFBC}") = "body_members", "body_members\body_members.csproj", "{6C5792CF-C71D-40CE-BAF9-6E95F619EC96}"
EndProject
Project("{FAE04EC0-301F-11D3-BF4B-00C04F79EFBC}") = "sobrecarga_operadores", "sobrecarga_operadores\sobrecarga_operadores.csproj", "{8C1153A8-7F2E-4B81-B622-73AA2443F490}"
EndProject
Global
	GlobalSection(SolutionConfigurationPlatforms) = preSolution
		Debug|Any CPU = Debug|Any CPU
		Debug|x64 = Debug|x64
		Debug|x86 = Debug|x86
		Release|Any CPU = Release|Any CPU
		Release|x64 = Release|x64
		Release|x86 = Release|x86
	EndGlobalSection
	GlobalSection(ProjectConfigurationPlatforms) = postSolution
		{36DB50B3-8A25-4726-A5C5-3E31FCECE06E}.Debug|Any CPU.ActiveCfg = Debug|Any CPU
		{36DB50B3-8A25-4726-A5C5-3E31FCECE06E}.Debug|Any CPU.Build.0 = Debug|Any CPU
		{36DB50B3-8A25-4726-A5C5-3E31FCECE06E}.Debug|x64.ActiveCfg = Debug|Any CPU
		{36DB50B3-8A25-4726-A5C5-3E31FCECE06E}.Debug|x64.Build.0 = Debug|Any CPU
		{36DB50B3-8A25-4726-A5C5-3E31FCECE06E}.Debug|x86.ActiveCfg = Debug|Any CPU
		{36DB50B3-8A25-4726-A5C5-3E31FCECE06E}.Debug|x86.Build.0 = Debug|Any CPU
		{36DB50B3-8A25-4726-A5C5-3E31FCECE06E}.Release|Any CPU.ActiveCfg = Release|Any CPU
		{36DB50B3-8A25-4726-A5C5-3E31FCECE06E}.Release|Any CPU.Build.0 = Release|Any CPU
		{36DB50B3-8A25-4726-A5C5-3E31FCECE06E}.Release|x64.ActiveCfg = Release|Any CPU
		{36DB50B3-8A25-4726-A5C5-3E31FCECE06E}.Release|x64.Build.0 = Release|Any CPU
		{36DB50B3-8A25-4726-A5C5-3E31FCECE06E}.Release|x86.ActiveCfg = Release|Any CPU
		{36DB50B3-8A25-4726-A5C5-3E31FCECE06E}.Release|x86.Build.0 = Release|Any CPU
		{65BF4DD9-8498-47E0-9BA6-507D0F0A24F6}.Debug|Any CPU.ActiveCfg = Debug|Any CPU
		{65BF4DD9-8498-47E0-9BA6-507D0F0A24F6}.Debug|Any CPU.Build.0 = Debug|Any CPU
		{65BF4DD9-8498-47E0-9BA6-507D0F0A24F6}.Debug|x64.ActiveCfg = Debug|Any CPU
		{65BF4DD9-8498-47E0-9BA6-507D0F0A24F6}.Debug|x64.Build.0 = Debug|Any CPU
		{65BF4DD9-8498-47E0-9BA6-507D0F0A24F6}.Debug|x86.ActiveCfg = Debug|Any CPU
		{65BF4DD9-8498-47E0-9BA6-507D0F0A24F6}.Debug|x86.Build.0 = Debug|Any CPU
		{65BF4DD9-8498-47E0-9BA6-507D0F0A24F6}.Release|Any CPU.ActiveCfg = Release|Any CPU
		{65BF4DD9-8498-47E0-9BA6-507D0F0A24F6}.Release|Any CPU.Build.0 = Release|Any CPU
		{65BF4DD9-8498-47E0-9BA6-507D0F0A24F6}.Release|x64.ActiveCfg = Release|Any CPU
		{65BF4DD9-8498-47E0-9BA6-507D0F0A24F6}.Release|x64.Build.0 = Release|Any CPU
		{65BF4DD9-8498-47E0-9BA6-507D0F0A24F6}.Release|x86.ActiveCfg = Release|Any CPU
		{65BF4DD9-8498-47E0-9BA6-507D0F0A24F6}.Release|x86.Build.0 = Release|Any CPU
		{E0D61B4C-5825-4932-B3DA-BF0D21E9F209}.Debug|Any CPU.ActiveCfg = Debug|Any CPU
		{E0D61B4C-5825-4932-B3DA-BF0D21E9F209}.Debug|Any CPU.Build.0 = Debug|Any CPU
		{E0D61B4C-5825-4932-B3DA-BF0D21E9F209}.Debug|x64.ActiveCfg = Debug|Any CPU
		{E0D61B4C-5825-4932-B3DA-BF0D21E9F209}.Debug|x64.Build.0 = Debug|Any CPU
		{E0D61B4C-5825-4932-B3DA-BF0D21E9F209}.Debug|x86.ActiveCfg = Debug|Any CPU
		{E0D61B4C-5825-4932-B3DA-BF0D21E9F209}.Debug|x86.Build.0 = Debug|Any CPU
		{E0D61B4C-5825-4932-B3DA-BF0D21E9F209}.Release|Any CPU.ActiveCfg = Release|Any CPU
		{E0D61B4C-5825-4932-B3DA-BF0D21E9F209}.Release|Any CPU.Build.0 = Release|Any CPU
		{E0D61B4C-5825-4932-B3DA-BF0D21E9F209}.Release|x64.ActiveCfg = Release|Any CPU
		{E0D61B4C-5825-4932-B3DA-BF0D21E9F209}.Release|x64.Build.0 = Release|Any CPU
		{E0D61B4C-5825-4932-B3DA-BF0D21E9F209}.Release|x86.ActiveCfg = Release|Any CPU
		{E0D61B4C-5825-4932-B3DA-BF0D21E9F209}.Release|x86.Build.0 = Release|Any CPU
		{208B58A7-2C10-43BB-8A86-DA935E8CE8D4}.Debug|Any CPU.ActiveCfg = Debug|Any CPU
		{208B58A7-2C10-43BB-8A86-DA935E8CE8D4}.Debug|Any CPU.Build.0 = Debug|Any CPU
		{208B58A7-2C10-43BB-8A86-DA935E8CE8D4}.Debug|x64.ActiveCfg = Debug|Any CPU
		{208B58A7-2C10-43BB-8A86-DA935E8CE8D4}.Debug|x64.Build.0 = Debug|Any CPU
		{208B58A7-2C10-43BB-8A86-DA935E8CE8D4}.Debug|x86.ActiveCfg = Debug|Any CPU
		{208B58A7-2C10-43BB-8A86-DA935E8CE8D4}.Debug|x86.Build.0 = Debug|Any CPU
		{208B58A7-2C10-43BB-8A86-DA935E8CE8D4}.Release|Any CPU.ActiveCfg = Release|Any CPU
		{208B58A7-2C10-43BB-8A86-DA935E8CE8D4}.Release|Any CPU.Build.0 = Release|Any CPU
		{208B58A7-2C10-43BB-8A86-DA935E8CE8D4}.Release|x64.ActiveCfg = Release|Any CPU
		{208B58A7-2C10-43BB-8A86-DA935E8CE8D4}.Release|x64.Build.0 = Release|Any CPU
		{208B58A7-2C10-43BB-8A86-DA935E8CE8D4}.Release|x86.ActiveCfg = Release|Any CPU
		{208B58A7-2C10-43BB-8A86-DA935E8CE8D4}.Release|x86.Build.0 = Release|Any CPU
		{9228147D-F681-40E7-999B-5817893D8247}.Debug|Any CPU.ActiveCfg = Debug|Any CPU
		{9228147D-F681-40E7-999B-5817893D8247}.Debug|Any CPU.Build.0 = Debug|Any CPU
		{9228147D-F681-40E7-999B-5817893D8247}.Debug|x64.ActiveCfg = Debug|Any CPU
		{9228147D-F681-40E7-999B-5817893D8247}.Debug|x64.Build.0 = Debug|Any CPU
		{9228147D-F681-40E7-999B-5817893D8247}.Debug|x86.ActiveCfg = Debug|Any CPU
		{9228147D-F681-40E7-999B-5817893D8247}.Debug|x86.Build.0 = Debug|Any CPU
		{9228147D-F681-40E7-999B-5817893D8247}.Release|Any CPU.ActiveCfg = Release|Any CPU
		{9228147D-F681-40E7-999B-5817893D8247}.Release|Any CPU.Build.0 = Release|Any CPU
		{9228147D-F681-40E7-999B-5817893D8247}.Release|x64.ActiveCfg = Release|Any CPU
		{9228147D-F681-40E7-999B-5817893D8247}.Release|x64.Build.0 = Release|Any CPU
		{9228147D-F681-40E7-999B-5817893D8247}.Release|x86.ActiveCfg = Release|Any CPU
		{9228147D-F681-40E7-999B-5817893D8247}.Release|x86.Build.0 = Release|Any CPU
		{0726BA8C-994D-4B1E-B4E1-DBBBCB7FA6B4}.Debug|Any CPU.ActiveCfg = Debug|Any CPU
		{0726BA8C-994D-4B1E-B4E1-DBBBCB7FA6B4}.Debug|Any CPU.Build.0 = Debug|Any CPU
		{0726BA8C-994D-4B1E-B4E1-DBBBCB7FA6B4}.Debug|x64.ActiveCfg = Debug|Any CPU
		{0726BA8C-994D-4B1E-B4E1-DBBBCB7FA6B4}.Debug|x64.Build.0 = Debug|Any CPU
		{0726BA8C-994D-4B1E-B4E1-DBBBCB7FA6B4}.Debug|x86.ActiveCfg = Debug|Any CPU
		{0726BA8C-994D-4B1E-B4E1-DBBBCB7FA6B4}.Debug|x86.Build.0 = Debug|Any CPU
		{0726BA8C-994D-4B1E-B4E1-DBBBCB7FA6B4}.Release|Any CPU.ActiveCfg = Release|Any CPU
		{0726BA8C-994D-4B1E-B4E1-DBBBCB7FA6B4}.Release|Any CPU.Build.0 = Release|Any CPU
		{0726BA8C-994D-4B1E-B4E1-DBBBCB7FA6B4}.Release|x64.ActiveCfg = Release|Any CPU
		{0726BA8C-994D-4B1E-B4E1-DBBBCB7FA6B4}.Release|x64.Build.0 = Release|Any CPU
		{0726BA8C-994D-4B1E-B4E1-DBBBCB7FA6B4}.Release|x86.ActiveCfg = Release|Any CPU
		{0726BA8C-994D-4B1E-B4E1-DBBBCB7FA6B4}.Release|x86.Build.0 = Release|Any CPU
		{8E83F3A4-706E-4C74-AFB1-5C78E80B8FAD}.Debug|Any CPU.ActiveCfg = Debug|Any CPU
		{8E83F3A4-706E-4C74-AFB1-5C78E80B8FAD}.Debug|Any CPU.Build.0 = Debug|Any CPU
		{8E83F3A4-706E-4C74-AFB1-5C78E80B8FAD}.Debug|x64.ActiveCfg = Debug|Any CPU
		{8E83F3A4-706E-4C74-AFB1-5C78E80B8FAD}.Debug|x64.Build.0 = Debug|Any CPU
		{8E83F3A4-706E-4C74-AFB1-5C78E80B8FAD}.Debug|x86.ActiveCfg = Debug|Any CPU
		{8E83F3A4-706E-4C74-AFB1-5C78E80B8FAD}.Debug|x86.Build.0 = Debug|Any CPU
		{8E83F3A4-706E-4C74-AFB1-5C78E80B8FAD}.Release|Any CPU.ActiveCfg = Release|Any CPU
		{8E83F3A4-706E-4C74-AFB1-5C78E80B8FAD}.Release|Any CPU.Build.0 = Release|Any CPU
		{8E83F3A4-706E-4C74-AFB1-5C78E80B8FAD}.Release|x64.ActiveCfg = Release|Any CPU
		{8E83F3A4-706E-4C74-AFB1-5C78E80B8FAD}.Release|x64.Build.0 = Release|Any CPU
		{8E83F3A4-706E-4C74-AFB1-5C78E80B8FAD}.Release|x86.ActiveCfg = Release|Any CPU
		{8E83F3A4-706E-4C74-AFB1-5C78E80B8FAD}.Release|x86.Build.0 = Release|Any CPU
		{D1E540A5-4350-4134-9667-72C3CBEDE0E3}.Debug|Any CPU.ActiveCfg = Debug|Any CPU
		{D1E540A5-4350-4134-9667-72C3CBEDE0E3}.Debug|Any CPU.Build.0 = Debug|Any CPU
		{D1E540A5-4350-4134-9667-72C3CBEDE0E3}.Debug|x64.ActiveCfg = Debug|Any CPU
		{D1E540A5-4350-4134-9667-72C3CBEDE0E3}.Debug|x64.Build.0 = Debug|Any CPU
		{D1E540A5-4350-4134-9667-72C3CBEDE0E3}.Debug|x86.ActiveCfg = Debug|Any CPU
		{D1E540A5-4350-4134-9667-72C3CBEDE0E3}.Debug|x86.Build.0 = Debug|Any CPU
		{D1E540A5-4350-4134-9667-72C3CBEDE0E3}.Release|Any CPU.ActiveCfg = Release|Any CPU
		{D1E540A5-4350-4134-9667-72C3CBEDE0E3}.Release|Any CPU.Build.0 = Release|Any CPU
		{D1E540A5-4350-4134-9667-72C3CBEDE0E3}.Release|x64.ActiveCfg = Release|Any CPU
		{D1E540A5-4350-4134-9667-72C3CBEDE0E3}.Release|x64.Build.0 = Release|Any CPU
		{D1E540A5-4350-4134-9667-72C3CBEDE0E3}.Release|x86.ActiveCfg = Release|Any CPU
		{D1E540A5-4350-4134-9667-72C3CBEDE0E3}.Release|x86.Build.0 = Release|Any CPU
		{9B75798D-71A4-4A5B-9A51-9B2B49203D5F}.Debug|Any CPU.ActiveCfg = Debug|Any CPU
		{9B75798D-71A4-4A5B-9A51-9B2B49203D5F}.Debug|Any CPU.Build.0 = Debug|Any CPU
		{9B75798D-71A4-4A5B-9A51-9B2B49203D5F}.Debug|x64.ActiveCfg = Debug|Any CPU
		{9B75798D-71A4-4A5B-9A51-9B2B49203D5F}.Debug|x64.Build.0 = Debug|Any CPU
		{9B75798D-71A4-4A5B-9A51-9B2B49203D5F}.Debug|x86.ActiveCfg = Debug|Any CPU
		{9B75798D-71A4-4A5B-9A51-9B2B49203D5F}.Debug|x86.Build.0 = Debug|Any CPU
		{9B75798D-71A4-4A5B-9A51-9B2B49203D5F}.Release|Any CPU.ActiveCfg = Release|Any CPU
		{9B75798D-71A4-4A5B-9A51-9B2B49203D5F}.Release|Any CPU.Build.0 = Release|Any CPU
		{9B75798D-71A4-4A5B-9A51-9B2B49203D5F}.Release|x64.ActiveCfg = Release|Any CPU
		{9B75798D-71A4-4A5B-9A51-9B2B49203D5F}.Release|x64.Build.0 = Release|Any CPU
		{9B75798D-71A4-4A5B-9A51-9B2B49203D5F}.Release|x86.ActiveCfg = Release|Any CPU
		{9B75798D-71A4-4A5B-9A51-9B2B49203D5F}.Release|x86.Build.0 = Release|Any CPU
		{1E91CD37-1C06-4999-95FA-19D89400592F}.Debug|Any CPU.ActiveCfg = Debug|Any CPU
		{1E91CD37-1C06-4999-95FA-19D89400592F}.Debug|Any CPU.Build.0 = Debug|Any CPU
		{1E91CD37-1C06-4999-95FA-19D89400592F}.Debug|x64.ActiveCfg = Debug|Any CPU
		{1E91CD37-1C06-4999-95FA-19D89400592F}.Debug|x64.Build.0 = Debug|Any CPU
		{1E91CD37-1C06-4999-95FA-19D89400592F}.Debug|x86.ActiveCfg = Debug|Any CPU
		{1E91CD37-1C06-4999-95FA-19D89400592F}.Debug|x86.Build.0 = Debug|Any CPU
		{1E91CD37-1C06-4999-95FA-19D89400592F}.Release|Any CPU.ActiveCfg = Release|Any CPU
		{1E91CD37-1C06-4999-95FA-19D89400592F}.Release|Any CPU.Build.0 = Release|Any CPU
		{1E91CD37-1C06-4999-95FA-19D89400592F}.Release|x64.ActiveCfg = Release|Any CPU
		{1E91CD37-1C06-4999-95FA-19D89400592F}.Release|x64.Build.0 = Release|Any CPU
		{1E91CD37-1C06-4999-95FA-19D89400592F}.Release|x86.ActiveCfg = Release|Any CPU
		{1E91CD37-1C06-4999-95FA-19D89400592F}.Release|x86.Build.0 = Release|Any CPU
		{A8E7AE21-4759-4EFC-BACB-646112ED77F6}.Debug|Any CPU.ActiveCfg = Debug|Any CPU
		{A8E7AE21-4759-4EFC-BACB-646112ED77F6}.Debug|Any CPU.Build.0 = Debug|Any CPU
		{A8E7AE21-4759-4EFC-BACB-646112ED77F6}.Debug|x64.ActiveCfg = Debug|Any CPU
		{A8E7AE21-4759-4EFC-BACB-646112ED77F6}.Debug|x64.Build.0 = Debug|Any CPU
		{A8E7AE21-4759-4EFC-BACB-646112ED77F6}.Debug|x86.ActiveCfg = Debug|Any CPU
		{A8E7AE21-4759-4EFC-BACB-646112ED77F6}.Debug|x86.Build.0 = Debug|Any CPU
		{A8E7AE21-4759-4EFC-BACB-646112ED77F6}.Release|Any CPU.ActiveCfg = Release|Any CPU
		{A8E7AE21-4759-4EFC-BACB-646112ED77F6}.Release|Any CPU.Build.0 = Release|Any CPU
		{A8E7AE21-4759-4EFC-BACB-646112ED77F6}.Release|x64.ActiveCfg = Release|Any CPU
		{A8E7AE21-4759-4EFC-BACB-646112ED77F6}.Release|x64.Build.0 = Release|Any CPU
		{A8E7AE21-4759-4EFC-BACB-646112ED77F6}.Release|x86.ActiveCfg = Release|Any CPU
		{A8E7AE21-4759-4EFC-BACB-646112ED77F6}.Release|x86.Build.0 = Release|Any CPU
		{D3966CDF-13DD-4FF8-A383-5AAEA2D102A7}.Debug|Any CPU.ActiveCfg = Debug|Any CPU
		{D3966CDF-13DD-4FF8-A383-5AAEA2D102A7}.Debug|Any CPU.Build.0 = Debug|Any CPU
		{D3966CDF-13DD-4FF8-A383-5AAEA2D102A7}.Debug|x64.ActiveCfg = Debug|Any CPU
		{D3966CDF-13DD-4FF8-A383-5AAEA2D102A7}.Debug|x64.Build.0 = Debug|Any CPU
		{D3966CDF-13DD-4FF8-A383-5AAEA2D102A7}.Debug|x86.ActiveCfg = Debug|Any CPU
		{D3966CDF-13DD-4FF8-A383-5AAEA2D102A7}.Debug|x86.Build.0 = Debug|Any CPU
		{D3966CDF-13DD-4FF8-A383-5AAEA2D102A7}.Release|Any CPU.ActiveCfg = Release|Any CPU
		{D3966CDF-13DD-4FF8-A383-5AAEA2D102A7}.Release|Any CPU.Build.0 = Release|Any CPU
		{D3966CDF-13DD-4FF8-A383-5AAEA2D102A7}.Release|x64.ActiveCfg = Release|Any CPU
		{D3966CDF-13DD-4FF8-A383-5AAEA2D102A7}.Release|x64.Build.0 = Release|Any CPU
		{D3966CDF-13DD-4FF8-A383-5AAEA2D102A7}.Release|x86.ActiveCfg = Release|Any CPU
		{D3966CDF-13DD-4FF8-A383-5AAEA2D102A7}.Release|x86.Build.0 = Release|Any CPU
		{61C20BE3-936A-4743-921F-5E1338386FFE}.Debug|Any CPU.ActiveCfg = Debug|Any CPU
		{61C20BE3-936A-4743-921F-5E1338386FFE}.Debug|Any CPU.Build.0 = Debug|Any CPU
		{61C20BE3-936A-4743-921F-5E1338386FFE}.Debug|x64.ActiveCfg = Debug|Any CPU
		{61C20BE3-936A-4743-921F-5E1338386FFE}.Debug|x64.Build.0 = Debug|Any CPU
		{61C20BE3-936A-4743-921F-5E1338386FFE}.Debug|x86.ActiveCfg = Debug|Any CPU
		{61C20BE3-936A-4743-921F-5E1338386FFE}.Debug|x86.Build.0 = Debug|Any CPU
		{61C20BE3-936A-4743-921F-5E1338386FFE}.Release|Any CPU.ActiveCfg = Release|Any CPU
		{61C20BE3-936A-4743-921F-5E1338386FFE}.Release|Any CPU.Build.0 = Release|Any CPU
		{61C20BE3-936A-4743-921F-5E1338386FFE}.Release|x64.ActiveCfg = Release|Any CPU
		{61C20BE3-936A-4743-921F-5E1338386FFE}.Release|x64.Build.0 = Release|Any CPU
		{61C20BE3-936A-4743-921F-5E1338386FFE}.Release|x86.ActiveCfg = Release|Any CPU
		{61C20BE3-936A-4743-921F-5E1338386FFE}.Release|x86.Build.0 = Release|Any CPU
		{054F48BD-74D8-4D56-87B6-3C43ADD8301A}.Debug|Any CPU.ActiveCfg = Debug|Any CPU
		{054F48BD-74D8-4D56-87B6-3C43ADD8301A}.Debug|Any CPU.Build.0 = Debug|Any CPU
		{054F48BD-74D8-4D56-87B6-3C43ADD8301A}.Debug|x64.ActiveCfg = Debug|Any CPU
		{054F48BD-74D8-4D56-87B6-3C43ADD8301A}.Debug|x64.Build.0 = Debug|Any CPU
		{054F48BD-74D8-4D56-87B6-3C43ADD8301A}.Debug|x86.ActiveCfg = Debug|Any CPU
		{054F48BD-74D8-4D56-87B6-3C43ADD8301A}.Debug|x86.Build.0 = Debug|Any CPU
		{054F48BD-74D8-4D56-87B6-3C43ADD8301A}.Release|Any CPU.ActiveCfg = Release|Any CPU
		{054F48BD-74D8-4D56-87B6-3C43ADD8301A}.Release|Any CPU.Build.0 = Release|Any CPU
		{054F48BD-74D8-4D56-87B6-3C43ADD8301A}.Release|x64.ActiveCfg = Release|Any CPU
		{054F48BD-74D8-4D56-87B6-3C43ADD8301A}.Release|x64.Build.0 = Release|Any CPU
		{054F48BD-74D8-4D56-87B6-3C43ADD8301A}.Release|x86.ActiveCfg = Release|Any CPU
		{054F48BD-74D8-4D56-87B6-3C43ADD8301A}.Release|x86.Build.0 = Release|Any CPU
		{A58AB6E2-6210-4158-A1BA-62E4E5811E80}.Debug|Any CPU.ActiveCfg = Debug|Any CPU
		{A58AB6E2-6210-4158-A1BA-62E4E5811E80}.Debug|Any CPU.Build.0 = Debug|Any CPU
		{A58AB6E2-6210-4158-A1BA-62E4E5811E80}.Debug|x64.ActiveCfg = Debug|Any CPU
		{A58AB6E2-6210-4158-A1BA-62E4E5811E80}.Debug|x64.Build.0 = Debug|Any CPU
		{A58AB6E2-6210-4158-A1BA-62E4E5811E80}.Debug|x86.ActiveCfg = Debug|Any CPU
		{A58AB6E2-6210-4158-A1BA-62E4E5811E80}.Debug|x86.Build.0 = Debug|Any CPU
		{A58AB6E2-6210-4158-A1BA-62E4E5811E80}.Release|Any CPU.ActiveCfg = Release|Any CPU
		{A58AB6E2-6210-4158-A1BA-62E4E5811E80}.Release|Any CPU.Build.0 = Release|Any CPU
		{A58AB6E2-6210-4158-A1BA-62E4E5811E80}.Release|x64.ActiveCfg = Release|Any CPU
		{A58AB6E2-6210-4158-A1BA-62E4E5811E80}.Release|x64.Build.0 = Release|Any CPU
		{A58AB6E2-6210-4158-A1BA-62E4E5811E80}.Release|x86.ActiveCfg = Release|Any CPU
		{A58AB6E2-6210-4158-A1BA-62E4E5811E80}.Release|x86.Build.0 = Release|Any CPU
		{05A3BB25-427A-4ACE-8B03-3C22F76DE12E}.Debug|Any CPU.ActiveCfg = Debug|Any CPU
		{05A3BB25-427A-4ACE-8B03-3C22F76DE12E}.Debug|Any CPU.Build.0 = Debug|Any CPU
		{05A3BB25-427A-4ACE-8B03-3C22F76DE12E}.Debug|x64.ActiveCfg = Debug|Any CPU
		{05A3BB25-427A-4ACE-8B03-3C22F76DE12E}.Debug|x64.Build.0 = Debug|Any CPU
		{05A3BB25-427A-4ACE-8B03-3C22F76DE12E}.Debug|x86.ActiveCfg = Debug|Any CPU
		{05A3BB25-427A-4ACE-8B03-3C22F76DE12E}.Debug|x86.Build.0 = Debug|Any CPU
		{05A3BB25-427A-4ACE-8B03-3C22F76DE12E}.Release|Any CPU.ActiveCfg = Release|Any CPU
		{05A3BB25-427A-4ACE-8B03-3C22F76DE12E}.Release|Any CPU.Build.0 = Release|Any CPU
		{05A3BB25-427A-4ACE-8B03-3C22F76DE12E}.Release|x64.ActiveCfg = Release|Any CPU
		{05A3BB25-427A-4ACE-8B03-3C22F76DE12E}.Release|x64.Build.0 = Release|Any CPU
		{05A3BB25-427A-4ACE-8B03-3C22F76DE12E}.Release|x86.ActiveCfg = Release|Any CPU
		{05A3BB25-427A-4ACE-8B03-3C22F76DE12E}.Release|x86.Build.0 = Release|Any CPU
		{41BE4C32-91A0-46F9-AA95-12D88E317BD2}.Debug|Any CPU.ActiveCfg = Debug|Any CPU
		{41BE4C32-91A0-46F9-AA95-12D88E317BD2}.Debug|Any CPU.Build.0 = Debug|Any CPU
		{41BE4C32-91A0-46F9-AA95-12D88E317BD2}.Debug|x64.ActiveCfg = Debug|Any CPU
		{41BE4C32-91A0-46F9-AA95-12D88E317BD2}.Debug|x64.Build.0 = Debug|Any CPU
		{41BE4C32-91A0-46F9-AA95-12D88E317BD2}.Debug|x86.ActiveCfg = Debug|Any CPU
		{41BE4C32-91A0-46F9-AA95-12D88E317BD2}.Debug|x86.Build.0 = Debug|Any CPU
		{41BE4C32-91A0-46F9-AA95-12D88E317BD2}.Release|Any CPU.ActiveCfg = Release|Any CPU
		{41BE4C32-91A0-46F9-AA95-12D88E317BD2}.Release|Any CPU.Build.0 = Release|Any CPU
		{41BE4C32-91A0-46F9-AA95-12D88E317BD2}.Release|x64.ActiveCfg = Release|Any CPU
		{41BE4C32-91A0-46F9-AA95-12D88E317BD2}.Release|x64.Build.0 = Release|Any CPU
		{41BE4C32-91A0-46F9-AA95-12D88E317BD2}.Release|x86.ActiveCfg = Release|Any CPU
		{41BE4C32-91A0-46F9-AA95-12D88E317BD2}.Release|x86.Build.0 = Release|Any CPU
		{90F11B29-AF05-41BC-A529-2530A8456C94}.Debug|Any CPU.ActiveCfg = Debug|Any CPU
		{90F11B29-AF05-41BC-A529-2530A8456C94}.Debug|Any CPU.Build.0 = Debug|Any CPU
		{90F11B29-AF05-41BC-A529-2530A8456C94}.Debug|x64.ActiveCfg = Debug|Any CPU
		{90F11B29-AF05-41BC-A529-2530A8456C94}.Debug|x64.Build.0 = Debug|Any CPU
		{90F11B29-AF05-41BC-A529-2530A8456C94}.Debug|x86.ActiveCfg = Debug|Any CPU
		{90F11B29-AF05-41BC-A529-2530A8456C94}.Debug|x86.Build.0 = Debug|Any CPU
		{90F11B29-AF05-41BC-A529-2530A8456C94}.Release|Any CPU.ActiveCfg = Release|Any CPU
		{90F11B29-AF05-41BC-A529-2530A8456C94}.Release|Any CPU.Build.0 = Release|Any CPU
		{90F11B29-AF05-41BC-A529-2530A8456C94}.Release|x64.ActiveCfg = Release|Any CPU
		{90F11B29-AF05-41BC-A529-2530A8456C94}.Release|x64.Build.0 = Release|Any CPU
		{90F11B29-AF05-41BC-A529-2530A8456C94}.Release|x86.ActiveCfg = Release|Any CPU
		{90F11B29-AF05-41BC-A529-2530A8456C94}.Release|x86.Build.0 = Release|Any CPU
		{7AF21946-C8A4-4B84-8F18-243BF9FCD36D}.Debug|Any CPU.ActiveCfg = Debug|Any CPU
		{7AF21946-C8A4-4B84-8F18-243BF9FCD36D}.Debug|Any CPU.Build.0 = Debug|Any CPU
		{7AF21946-C8A4-4B84-8F18-243BF9FCD36D}.Debug|x64.ActiveCfg = Debug|Any CPU
		{7AF21946-C8A4-4B84-8F18-243BF9FCD36D}.Debug|x64.Build.0 = Debug|Any CPU
		{7AF21946-C8A4-4B84-8F18-243BF9FCD36D}.Debug|x86.ActiveCfg = Debug|Any CPU
		{7AF21946-C8A4-4B84-8F18-243BF9FCD36D}.Debug|x86.Build.0 = Debug|Any CPU
		{7AF21946-C8A4-4B84-8F18-243BF9FCD36D}.Release|Any CPU.ActiveCfg = Release|Any CPU
		{7AF21946-C8A4-4B84-8F18-243BF9FCD36D}.Release|Any CPU.Build.0 = Release|Any CPU
		{7AF21946-C8A4-4B84-8F18-243BF9FCD36D}.Release|x64.ActiveCfg = Release|Any CPU
		{7AF21946-C8A4-4B84-8F18-243BF9FCD36D}.Release|x64.Build.0 = Release|Any CPU
		{7AF21946-C8A4-4B84-8F18-243BF9FCD36D}.Release|x86.ActiveCfg = Release|Any CPU
		{7AF21946-C8A4-4B84-8F18-243BF9FCD36D}.Release|x86.Build.0 = Release|Any CPU
		{613595DF-9995-4560-9E22-750BD1D801B2}.Debug|Any CPU.ActiveCfg = Debug|Any CPU
		{613595DF-9995-4560-9E22-750BD1D801B2}.Debug|Any CPU.Build.0 = Debug|Any CPU
		{613595DF-9995-4560-9E22-750BD1D801B2}.Debug|x64.ActiveCfg = Debug|Any CPU
		{613595DF-9995-4560-9E22-750BD1D801B2}.Debug|x64.Build.0 = Debug|Any CPU
		{613595DF-9995-4560-9E22-750BD1D801B2}.Debug|x86.ActiveCfg = Debug|Any CPU
		{613595DF-9995-4560-9E22-750BD1D801B2}.Debug|x86.Build.0 = Debug|Any CPU
		{613595DF-9995-4560-9E22-750BD1D801B2}.Release|Any CPU.ActiveCfg = Release|Any CPU
		{613595DF-9995-4560-9E22-750BD1D801B2}.Release|Any CPU.Build.0 = Release|Any CPU
		{613595DF-9995-4560-9E22-750BD1D801B2}.Release|x64.ActiveCfg = Release|Any CPU
		{613595DF-9995-4560-9E22-750BD1D801B2}.Release|x64.Build.0 = Release|Any CPU
		{613595DF-9995-4560-9E22-750BD1D801B2}.Release|x86.ActiveCfg = Release|Any CPU
		{613595DF-9995-4560-9E22-750BD1D801B2}.Release|x86.Build.0 = Release|Any CPU
		{2C274C01-7FE6-4C40-B611-5CB12234C9AD}.Debug|Any CPU.ActiveCfg = Debug|Any CPU
		{2C274C01-7FE6-4C40-B611-5CB12234C9AD}.Debug|Any CPU.Build.0 = Debug|Any CPU
		{2C274C01-7FE6-4C40-B611-5CB12234C9AD}.Debug|x64.ActiveCfg = Debug|Any CPU
		{2C274C01-7FE6-4C40-B611-5CB12234C9AD}.Debug|x64.Build.0 = Debug|Any CPU
		{2C274C01-7FE6-4C40-B611-5CB12234C9AD}.Debug|x86.ActiveCfg = Debug|Any CPU
		{2C274C01-7FE6-4C40-B611-5CB12234C9AD}.Debug|x86.Build.0 = Debug|Any CPU
		{2C274C01-7FE6-4C40-B611-5CB12234C9AD}.Release|Any CPU.ActiveCfg = Release|Any CPU
		{2C274C01-7FE6-4C40-B611-5CB12234C9AD}.Release|Any CPU.Build.0 = Release|Any CPU
		{2C274C01-7FE6-4C40-B611-5CB12234C9AD}.Release|x64.ActiveCfg = Release|Any CPU
		{2C274C01-7FE6-4C40-B611-5CB12234C9AD}.Release|x64.Build.0 = Release|Any CPU
		{2C274C01-7FE6-4C40-B611-5CB12234C9AD}.Release|x86.ActiveCfg = Release|Any CPU
		{2C274C01-7FE6-4C40-B611-5CB12234C9AD}.Release|x86.Build.0 = Release|Any CPU
		{3A989444-F3BB-4537-B92E-8B0CB9A4DFC8}.Debug|Any CPU.ActiveCfg = Debug|Any CPU
		{3A989444-F3BB-4537-B92E-8B0CB9A4DFC8}.Debug|Any CPU.Build.0 = Debug|Any CPU
		{3A989444-F3BB-4537-B92E-8B0CB9A4DFC8}.Debug|x64.ActiveCfg = Debug|Any CPU
		{3A989444-F3BB-4537-B92E-8B0CB9A4DFC8}.Debug|x64.Build.0 = Debug|Any CPU
		{3A989444-F3BB-4537-B92E-8B0CB9A4DFC8}.Debug|x86.ActiveCfg = Debug|Any CPU
		{3A989444-F3BB-4537-B92E-8B0CB9A4DFC8}.Debug|x86.Build.0 = Debug|Any CPU
		{3A989444-F3BB-4537-B92E-8B0CB9A4DFC8}.Release|Any CPU.ActiveCfg = Release|Any CPU
		{3A989444-F3BB-4537-B92E-8B0CB9A4DFC8}.Release|Any CPU.Build.0 = Release|Any CPU
		{3A989444-F3BB-4537-B92E-8B0CB9A4DFC8}.Release|x64.ActiveCfg = Release|Any CPU
		{3A989444-F3BB-4537-B92E-8B0CB9A4DFC8}.Release|x64.Build.0 = Release|Any CPU
		{3A989444-F3BB-4537-B92E-8B0CB9A4DFC8}.Release|x86.ActiveCfg = Release|Any CPU
		{3A989444-F3BB-4537-B92E-8B0CB9A4DFC8}.Release|x86.Build.0 = Release|Any CPU
		{41FA8338-E1D6-4125-A367-677435C9D2C9}.Debug|Any CPU.ActiveCfg = Debug|Any CPU
		{41FA8338-E1D6-4125-A367-677435C9D2C9}.Debug|Any CPU.Build.0 = Debug|Any CPU
		{41FA8338-E1D6-4125-A367-677435C9D2C9}.Debug|x64.ActiveCfg = Debug|Any CPU
		{41FA8338-E1D6-4125-A367-677435C9D2C9}.Debug|x64.Build.0 = Debug|Any CPU
		{41FA8338-E1D6-4125-A367-677435C9D2C9}.Debug|x86.ActiveCfg = Debug|Any CPU
		{41FA8338-E1D6-4125-A367-677435C9D2C9}.Debug|x86.Build.0 = Debug|Any CPU
		{41FA8338-E1D6-4125-A367-677435C9D2C9}.Release|Any CPU.ActiveCfg = Release|Any CPU
		{41FA8338-E1D6-4125-A367-677435C9D2C9}.Release|Any CPU.Build.0 = Release|Any CPU
		{41FA8338-E1D6-4125-A367-677435C9D2C9}.Release|x64.ActiveCfg = Release|Any CPU
		{41FA8338-E1D6-4125-A367-677435C9D2C9}.Release|x64.Build.0 = Release|Any CPU
		{41FA8338-E1D6-4125-A367-677435C9D2C9}.Release|x86.ActiveCfg = Release|Any CPU
		{41FA8338-E1D6-4125-A367-677435C9D2C9}.Release|x86.Build.0 = Release|Any CPU
		{B04ACE54-80B4-4B54-A6FC-D88998682DDF}.Debug|Any CPU.ActiveCfg = Debug|Any CPU
		{B04ACE54-80B4-4B54-A6FC-D88998682DDF}.Debug|Any CPU.Build.0 = Debug|Any CPU
		{B04ACE54-80B4-4B54-A6FC-D88998682DDF}.Debug|x64.ActiveCfg = Debug|Any CPU
		{B04ACE54-80B4-4B54-A6FC-D88998682DDF}.Debug|x64.Build.0 = Debug|Any CPU
		{B04ACE54-80B4-4B54-A6FC-D88998682DDF}.Debug|x86.ActiveCfg = Debug|Any CPU
		{B04ACE54-80B4-4B54-A6FC-D88998682DDF}.Debug|x86.Build.0 = Debug|Any CPU
		{B04ACE54-80B4-4B54-A6FC-D88998682DDF}.Release|Any CPU.ActiveCfg = Release|Any CPU
		{B04ACE54-80B4-4B54-A6FC-D88998682DDF}.Release|Any CPU.Build.0 = Release|Any CPU
		{B04ACE54-80B4-4B54-A6FC-D88998682DDF}.Release|x64.ActiveCfg = Release|Any CPU
		{B04ACE54-80B4-4B54-A6FC-D88998682DDF}.Release|x64.Build.0 = Release|Any CPU
		{B04ACE54-80B4-4B54-A6FC-D88998682DDF}.Release|x86.ActiveCfg = Release|Any CPU
		{B04ACE54-80B4-4B54-A6FC-D88998682DDF}.Release|x86.Build.0 = Release|Any CPU
		{4638AA02-353D-4452-9407-67E73F2A7529}.Debug|Any CPU.ActiveCfg = Debug|Any CPU
		{4638AA02-353D-4452-9407-67E73F2A7529}.Debug|Any CPU.Build.0 = Debug|Any CPU
		{4638AA02-353D-4452-9407-67E73F2A7529}.Debug|x64.ActiveCfg = Debug|Any CPU
		{4638AA02-353D-4452-9407-67E73F2A7529}.Debug|x64.Build.0 = Debug|Any CPU
		{4638AA02-353D-4452-9407-67E73F2A7529}.Debug|x86.ActiveCfg = Debug|Any CPU
		{4638AA02-353D-4452-9407-67E73F2A7529}.Debug|x86.Build.0 = Debug|Any CPU
		{4638AA02-353D-4452-9407-67E73F2A7529}.Release|Any CPU.ActiveCfg = Release|Any CPU
		{4638AA02-353D-4452-9407-67E73F2A7529}.Release|Any CPU.Build.0 = Release|Any CPU
		{4638AA02-353D-4452-9407-67E73F2A7529}.Release|x64.ActiveCfg = Release|Any CPU
		{4638AA02-353D-4452-9407-67E73F2A7529}.Release|x64.Build.0 = Release|Any CPU
		{4638AA02-353D-4452-9407-67E73F2A7529}.Release|x86.ActiveCfg = Release|Any CPU
		{4638AA02-353D-4452-9407-67E73F2A7529}.Release|x86.Build.0 = Release|Any CPU
		{3D2145CE-BE27-4CF2-B7CC-C33257E4848E}.Debug|Any CPU.ActiveCfg = Debug|Any CPU
		{3D2145CE-BE27-4CF2-B7CC-C33257E4848E}.Debug|Any CPU.Build.0 = Debug|Any CPU
		{3D2145CE-BE27-4CF2-B7CC-C33257E4848E}.Debug|x64.ActiveCfg = Debug|Any CPU
		{3D2145CE-BE27-4CF2-B7CC-C33257E4848E}.Debug|x64.Build.0 = Debug|Any CPU
		{3D2145CE-BE27-4CF2-B7CC-C33257E4848E}.Debug|x86.ActiveCfg = Debug|Any CPU
		{3D2145CE-BE27-4CF2-B7CC-C33257E4848E}.Debug|x86.Build.0 = Debug|Any CPU
		{3D2145CE-BE27-4CF2-B7CC-C33257E4848E}.Release|Any CPU.ActiveCfg = Release|Any CPU
		{3D2145CE-BE27-4CF2-B7CC-C33257E4848E}.Release|Any CPU.Build.0 = Release|Any CPU
		{3D2145CE-BE27-4CF2-B7CC-C33257E4848E}.Release|x64.ActiveCfg = Release|Any CPU
		{3D2145CE-BE27-4CF2-B7CC-C33257E4848E}.Release|x64.Build.0 = Release|Any CPU
		{3D2145CE-BE27-4CF2-B7CC-C33257E4848E}.Release|x86.ActiveCfg = Release|Any CPU
		{3D2145CE-BE27-4CF2-B7CC-C33257E4848E}.Release|x86.Build.0 = Release|Any CPU
		{A4AFA089-AEC2-4DA2-8C47-2827AD3A000F}.Debug|Any CPU.ActiveCfg = Debug|Any CPU
		{A4AFA089-AEC2-4DA2-8C47-2827AD3A000F}.Debug|Any CPU.Build.0 = Debug|Any CPU
		{A4AFA089-AEC2-4DA2-8C47-2827AD3A000F}.Debug|x64.ActiveCfg = Debug|Any CPU
		{A4AFA089-AEC2-4DA2-8C47-2827AD3A000F}.Debug|x64.Build.0 = Debug|Any CPU
		{A4AFA089-AEC2-4DA2-8C47-2827AD3A000F}.Debug|x86.ActiveCfg = Debug|Any CPU
		{A4AFA089-AEC2-4DA2-8C47-2827AD3A000F}.Debug|x86.Build.0 = Debug|Any CPU
		{A4AFA089-AEC2-4DA2-8C47-2827AD3A000F}.Release|Any CPU.ActiveCfg = Release|Any CPU
		{A4AFA089-AEC2-4DA2-8C47-2827AD3A000F}.Release|Any CPU.Build.0 = Release|Any CPU
		{A4AFA089-AEC2-4DA2-8C47-2827AD3A000F}.Release|x64.ActiveCfg = Release|Any CPU
		{A4AFA089-AEC2-4DA2-8C47-2827AD3A000F}.Release|x64.Build.0 = Release|Any CPU
		{A4AFA089-AEC2-4DA2-8C47-2827AD3A000F}.Release|x86.ActiveCfg = Release|Any CPU
		{A4AFA089-AEC2-4DA2-8C47-2827AD3A000F}.Release|x86.Build.0 = Release|Any CPU
		{9B412516-2B70-489F-9796-DC053BC36E40}.Debug|Any CPU.ActiveCfg = Debug|Any CPU
		{9B412516-2B70-489F-9796-DC053BC36E40}.Debug|Any CPU.Build.0 = Debug|Any CPU
		{9B412516-2B70-489F-9796-DC053BC36E40}.Debug|x64.ActiveCfg = Debug|Any CPU
		{9B412516-2B70-489F-9796-DC053BC36E40}.Debug|x64.Build.0 = Debug|Any CPU
		{9B412516-2B70-489F-9796-DC053BC36E40}.Debug|x86.ActiveCfg = Debug|Any CPU
		{9B412516-2B70-489F-9796-DC053BC36E40}.Debug|x86.Build.0 = Debug|Any CPU
		{9B412516-2B70-489F-9796-DC053BC36E40}.Release|Any CPU.ActiveCfg = Release|Any CPU
		{9B412516-2B70-489F-9796-DC053BC36E40}.Release|Any CPU.Build.0 = Release|Any CPU
		{9B412516-2B70-489F-9796-DC053BC36E40}.Release|x64.ActiveCfg = Release|Any CPU
		{9B412516-2B70-489F-9796-DC053BC36E40}.Release|x64.Build.0 = Release|Any CPU
		{9B412516-2B70-489F-9796-DC053BC36E40}.Release|x86.ActiveCfg = Release|Any CPU
		{9B412516-2B70-489F-9796-DC053BC36E40}.Release|x86.Build.0 = Release|Any CPU
		{A5F5E8AC-F132-4051-90FF-D7D97CBFE299}.Debug|Any CPU.ActiveCfg = Debug|Win32
		{A5F5E8AC-F132-4051-90FF-D7D97CBFE299}.Debug|x64.ActiveCfg = Debug|x64
		{A5F5E8AC-F132-4051-90FF-D7D97CBFE299}.Debug|x64.Build.0 = Debug|x64
		{A5F5E8AC-F132-4051-90FF-D7D97CBFE299}.Debug|x86.ActiveCfg = Debug|Win32
		{A5F5E8AC-F132-4051-90FF-D7D97CBFE299}.Debug|x86.Build.0 = Debug|Win32
		{A5F5E8AC-F132-4051-90FF-D7D97CBFE299}.Release|Any CPU.ActiveCfg = Release|Win32
		{A5F5E8AC-F132-4051-90FF-D7D97CBFE299}.Release|x64.ActiveCfg = Release|x64
		{A5F5E8AC-F132-4051-90FF-D7D97CBFE299}.Release|x64.Build.0 = Release|x64
		{A5F5E8AC-F132-4051-90FF-D7D97CBFE299}.Release|x86.ActiveCfg = Release|Win32
		{A5F5E8AC-F132-4051-90FF-D7D97CBFE299}.Release|x86.Build.0 = Release|Win32
		{61188D4F-AAAC-45E3-91E6-7AE4B46FFD23}.Debug|Any CPU.ActiveCfg = Debug|Any CPU
		{61188D4F-AAAC-45E3-91E6-7AE4B46FFD23}.Debug|Any CPU.Build.0 = Debug|Any CPU
		{61188D4F-AAAC-45E3-91E6-7AE4B46FFD23}.Debug|x64.ActiveCfg = Debug|Any CPU
		{61188D4F-AAAC-45E3-91E6-7AE4B46FFD23}.Debug|x64.Build.0 = Debug|Any CPU
		{61188D4F-AAAC-45E3-91E6-7AE4B46FFD23}.Debug|x86.ActiveCfg = Debug|Any CPU
		{61188D4F-AAAC-45E3-91E6-7AE4B46FFD23}.Debug|x86.Build.0 = Debug|Any CPU
		{61188D4F-AAAC-45E3-91E6-7AE4B46FFD23}.Release|Any CPU.ActiveCfg = Release|Any CPU
		{61188D4F-AAAC-45E3-91E6-7AE4B46FFD23}.Release|Any CPU.Build.0 = Release|Any CPU
		{61188D4F-AAAC-45E3-91E6-7AE4B46FFD23}.Release|x64.ActiveCfg = Release|Any CPU
		{61188D4F-AAAC-45E3-91E6-7AE4B46FFD23}.Release|x64.Build.0 = Release|Any CPU
		{61188D4F-AAAC-45E3-91E6-7AE4B46FFD23}.Release|x86.ActiveCfg = Release|Any CPU
		{61188D4F-AAAC-45E3-91E6-7AE4B46FFD23}.Release|x86.Build.0 = Release|Any CPU
		{F804AAE3-1490-497D-A834-B5CEB8CA1846}.Debug|Any CPU.ActiveCfg = Debug|Any CPU
		{F804AAE3-1490-497D-A834-B5CEB8CA1846}.Debug|Any CPU.Build.0 = Debug|Any CPU
		{F804AAE3-1490-497D-A834-B5CEB8CA1846}.Debug|x64.ActiveCfg = Debug|Any CPU
		{F804AAE3-1490-497D-A834-B5CEB8CA1846}.Debug|x64.Build.0 = Debug|Any CPU
		{F804AAE3-1490-497D-A834-B5CEB8CA1846}.Debug|x86.ActiveCfg = Debug|Any CPU
		{F804AAE3-1490-497D-A834-B5CEB8CA1846}.Debug|x86.Build.0 = Debug|Any CPU
		{F804AAE3-1490-497D-A834-B5CEB8CA1846}.Release|Any CPU.ActiveCfg = Release|Any CPU
		{F804AAE3-1490-497D-A834-B5CEB8CA1846}.Release|Any CPU.Build.0 = Release|Any CPU
		{F804AAE3-1490-497D-A834-B5CEB8CA1846}.Release|x64.ActiveCfg = Release|Any CPU
		{F804AAE3-1490-497D-A834-B5CEB8CA1846}.Release|x64.Build.0 = Release|Any CPU
		{F804AAE3-1490-497D-A834-B5CEB8CA1846}.Release|x86.ActiveCfg = Release|Any CPU
		{F804AAE3-1490-497D-A834-B5CEB8CA1846}.Release|x86.Build.0 = Release|Any CPU
		{537DE388-1E69-4B6A-ACEA-E69E2FF70FBC}.Debug|Any CPU.ActiveCfg = Debug|Any CPU
		{537DE388-1E69-4B6A-ACEA-E69E2FF70FBC}.Debug|Any CPU.Build.0 = Debug|Any CPU
		{537DE388-1E69-4B6A-ACEA-E69E2FF70FBC}.Debug|x64.ActiveCfg = Debug|Any CPU
		{537DE388-1E69-4B6A-ACEA-E69E2FF70FBC}.Debug|x64.Build.0 = Debug|Any CPU
		{537DE388-1E69-4B6A-ACEA-E69E2FF70FBC}.Debug|x86.ActiveCfg = Debug|Any CPU
		{537DE388-1E69-4B6A-ACEA-E69E2FF70FBC}.Debug|x86.Build.0 = Debug|Any CPU
		{537DE388-1E69-4B6A-ACEA-E69E2FF70FBC}.Release|Any CPU.ActiveCfg = Release|Any CPU
		{537DE388-1E69-4B6A-ACEA-E69E2FF70FBC}.Release|Any CPU.Build.0 = Release|Any CPU
		{537DE388-1E69-4B6A-ACEA-E69E2FF70FBC}.Release|x64.ActiveCfg = Release|Any CPU
		{537DE388-1E69-4B6A-ACEA-E69E2FF70FBC}.Release|x64.Build.0 = Release|Any CPU
		{537DE388-1E69-4B6A-ACEA-E69E2FF70FBC}.Release|x86.ActiveCfg = Release|Any CPU
		{537DE388-1E69-4B6A-ACEA-E69E2FF70FBC}.Release|x86.Build.0 = Release|Any CPU
		{A946036F-04EF-4C32-86BA-EB49A92C27B1}.Debug|Any CPU.ActiveCfg = Debug|Any CPU
		{A946036F-04EF-4C32-86BA-EB49A92C27B1}.Debug|Any CPU.Build.0 = Debug|Any CPU
		{A946036F-04EF-4C32-86BA-EB49A92C27B1}.Debug|x64.ActiveCfg = Debug|Any CPU
		{A946036F-04EF-4C32-86BA-EB49A92C27B1}.Debug|x64.Build.0 = Debug|Any CPU
		{A946036F-04EF-4C32-86BA-EB49A92C27B1}.Debug|x86.ActiveCfg = Debug|Any CPU
		{A946036F-04EF-4C32-86BA-EB49A92C27B1}.Debug|x86.Build.0 = Debug|Any CPU
		{A946036F-04EF-4C32-86BA-EB49A92C27B1}.Release|Any CPU.ActiveCfg = Release|Any CPU
		{A946036F-04EF-4C32-86BA-EB49A92C27B1}.Release|Any CPU.Build.0 = Release|Any CPU
		{A946036F-04EF-4C32-86BA-EB49A92C27B1}.Release|x64.ActiveCfg = Release|Any CPU
		{A946036F-04EF-4C32-86BA-EB49A92C27B1}.Release|x64.Build.0 = Release|Any CPU
		{A946036F-04EF-4C32-86BA-EB49A92C27B1}.Release|x86.ActiveCfg = Release|Any CPU
		{A946036F-04EF-4C32-86BA-EB49A92C27B1}.Release|x86.Build.0 = Release|Any CPU
		{16EBC6D2-4738-40B1-A042-DAFB826A69B1}.Debug|Any CPU.ActiveCfg = Debug|Any CPU
		{16EBC6D2-4738-40B1-A042-DAFB826A69B1}.Debug|Any CPU.Build.0 = Debug|Any CPU
		{16EBC6D2-4738-40B1-A042-DAFB826A69B1}.Debug|x64.ActiveCfg = Debug|Any CPU
		{16EBC6D2-4738-40B1-A042-DAFB826A69B1}.Debug|x64.Build.0 = Debug|Any CPU
		{16EBC6D2-4738-40B1-A042-DAFB826A69B1}.Debug|x86.ActiveCfg = Debug|Any CPU
		{16EBC6D2-4738-40B1-A042-DAFB826A69B1}.Debug|x86.Build.0 = Debug|Any CPU
		{16EBC6D2-4738-40B1-A042-DAFB826A69B1}.Release|Any CPU.ActiveCfg = Release|Any CPU
		{16EBC6D2-4738-40B1-A042-DAFB826A69B1}.Release|Any CPU.Build.0 = Release|Any CPU
		{16EBC6D2-4738-40B1-A042-DAFB826A69B1}.Release|x64.ActiveCfg = Release|Any CPU
		{16EBC6D2-4738-40B1-A042-DAFB826A69B1}.Release|x64.Build.0 = Release|Any CPU
		{16EBC6D2-4738-40B1-A042-DAFB826A69B1}.Release|x86.ActiveCfg = Release|Any CPU
		{16EBC6D2-4738-40B1-A042-DAFB826A69B1}.Release|x86.Build.0 = Release|Any CPU
		{9B173BD0-DB00-4E8C-B4CD-1311C610B620}.Debug|Any CPU.ActiveCfg = Debug|Any CPU
		{9B173BD0-DB00-4E8C-B4CD-1311C610B620}.Debug|Any CPU.Build.0 = Debug|Any CPU
		{9B173BD0-DB00-4E8C-B4CD-1311C610B620}.Debug|x64.ActiveCfg = Debug|Any CPU
		{9B173BD0-DB00-4E8C-B4CD-1311C610B620}.Debug|x64.Build.0 = Debug|Any CPU
		{9B173BD0-DB00-4E8C-B4CD-1311C610B620}.Debug|x86.ActiveCfg = Debug|Any CPU
		{9B173BD0-DB00-4E8C-B4CD-1311C610B620}.Debug|x86.Build.0 = Debug|Any CPU
		{9B173BD0-DB00-4E8C-B4CD-1311C610B620}.Release|Any CPU.ActiveCfg = Release|Any CPU
		{9B173BD0-DB00-4E8C-B4CD-1311C610B620}.Release|Any CPU.Build.0 = Release|Any CPU
		{9B173BD0-DB00-4E8C-B4CD-1311C610B620}.Release|x64.ActiveCfg = Release|Any CPU
		{9B173BD0-DB00-4E8C-B4CD-1311C610B620}.Release|x64.Build.0 = Release|Any CPU
		{9B173BD0-DB00-4E8C-B4CD-1311C610B620}.Release|x86.ActiveCfg = Release|Any CPU
		{9B173BD0-DB00-4E8C-B4CD-1311C610B620}.Release|x86.Build.0 = Release|Any CPU
		{B88474AB-D71E-4272-9BF3-2E8BA9900109}.Debug|Any CPU.ActiveCfg = Debug|Any CPU
		{B88474AB-D71E-4272-9BF3-2E8BA9900109}.Debug|Any CPU.Build.0 = Debug|Any CPU
		{B88474AB-D71E-4272-9BF3-2E8BA9900109}.Debug|x64.ActiveCfg = Debug|Any CPU
		{B88474AB-D71E-4272-9BF3-2E8BA9900109}.Debug|x64.Build.0 = Debug|Any CPU
		{B88474AB-D71E-4272-9BF3-2E8BA9900109}.Debug|x86.ActiveCfg = Debug|Any CPU
		{B88474AB-D71E-4272-9BF3-2E8BA9900109}.Debug|x86.Build.0 = Debug|Any CPU
		{B88474AB-D71E-4272-9BF3-2E8BA9900109}.Release|Any CPU.ActiveCfg = Release|Any CPU
		{B88474AB-D71E-4272-9BF3-2E8BA9900109}.Release|Any CPU.Build.0 = Release|Any CPU
		{B88474AB-D71E-4272-9BF3-2E8BA9900109}.Release|x64.ActiveCfg = Release|Any CPU
		{B88474AB-D71E-4272-9BF3-2E8BA9900109}.Release|x64.Build.0 = Release|Any CPU
		{B88474AB-D71E-4272-9BF3-2E8BA9900109}.Release|x86.ActiveCfg = Release|Any CPU
		{B88474AB-D71E-4272-9BF3-2E8BA9900109}.Release|x86.Build.0 = Release|Any CPU
		{3D881FFF-EE18-48FA-A5B2-B6E04E4F3271}.Debug|Any CPU.ActiveCfg = Debug|Any CPU
		{3D881FFF-EE18-48FA-A5B2-B6E04E4F3271}.Debug|Any CPU.Build.0 = Debug|Any CPU
		{3D881FFF-EE18-48FA-A5B2-B6E04E4F3271}.Debug|x64.ActiveCfg = Debug|Any CPU
		{3D881FFF-EE18-48FA-A5B2-B6E04E4F3271}.Debug|x64.Build.0 = Debug|Any CPU
		{3D881FFF-EE18-48FA-A5B2-B6E04E4F3271}.Debug|x86.ActiveCfg = Debug|Any CPU
		{3D881FFF-EE18-48FA-A5B2-B6E04E4F3271}.Debug|x86.Build.0 = Debug|Any CPU
		{3D881FFF-EE18-48FA-A5B2-B6E04E4F3271}.Release|Any CPU.ActiveCfg = Release|Any CPU
		{3D881FFF-EE18-48FA-A5B2-B6E04E4F3271}.Release|Any CPU.Build.0 = Release|Any CPU
		{3D881FFF-EE18-48FA-A5B2-B6E04E4F3271}.Release|x64.ActiveCfg = Release|Any CPU
		{3D881FFF-EE18-48FA-A5B2-B6E04E4F3271}.Release|x64.Build.0 = Release|Any CPU
		{3D881FFF-EE18-48FA-A5B2-B6E04E4F3271}.Release|x86.ActiveCfg = Release|Any CPU
		{3D881FFF-EE18-48FA-A5B2-B6E04E4F3271}.Release|x86.Build.0 = Release|Any CPU
		{2C212412-7329-4A0E-9E2A-E6D240E5E08B}.Debug|Any CPU.ActiveCfg = Debug|Any CPU
		{2C212412-7329-4A0E-9E2A-E6D240E5E08B}.Debug|Any CPU.Build.0 = Debug|Any CPU
		{2C212412-7329-4A0E-9E2A-E6D240E5E08B}.Debug|x64.ActiveCfg = Debug|Any CPU
		{2C212412-7329-4A0E-9E2A-E6D240E5E08B}.Debug|x64.Build.0 = Debug|Any CPU
		{2C212412-7329-4A0E-9E2A-E6D240E5E08B}.Debug|x86.ActiveCfg = Debug|Any CPU
		{2C212412-7329-4A0E-9E2A-E6D240E5E08B}.Debug|x86.Build.0 = Debug|Any CPU
		{2C212412-7329-4A0E-9E2A-E6D240E5E08B}.Release|Any CPU.ActiveCfg = Release|Any CPU
		{2C212412-7329-4A0E-9E2A-E6D240E5E08B}.Release|Any CPU.Build.0 = Release|Any CPU
		{2C212412-7329-4A0E-9E2A-E6D240E5E08B}.Release|x64.ActiveCfg = Release|Any CPU
		{2C212412-7329-4A0E-9E2A-E6D240E5E08B}.Release|x64.Build.0 = Release|Any CPU
		{2C212412-7329-4A0E-9E2A-E6D240E5E08B}.Release|x86.ActiveCfg = Release|Any CPU
		{2C212412-7329-4A0E-9E2A-E6D240E5E08B}.Release|x86.Build.0 = Release|Any CPU
		{6C5792CF-C71D-40CE-BAF9-6E95F619EC96}.Debug|Any CPU.ActiveCfg = Debug|Any CPU
		{6C5792CF-C71D-40CE-BAF9-6E95F619EC96}.Debug|Any CPU.Build.0 = Debug|Any CPU
		{6C5792CF-C71D-40CE-BAF9-6E95F619EC96}.Debug|x64.ActiveCfg = Debug|Any CPU
		{6C5792CF-C71D-40CE-BAF9-6E95F619EC96}.Debug|x64.Build.0 = Debug|Any CPU
		{6C5792CF-C71D-40CE-BAF9-6E95F619EC96}.Debug|x86.ActiveCfg = Debug|Any CPU
		{6C5792CF-C71D-40CE-BAF9-6E95F619EC96}.Debug|x86.Build.0 = Debug|Any CPU
		{6C5792CF-C71D-40CE-BAF9-6E95F619EC96}.Release|Any CPU.ActiveCfg = Release|Any CPU
		{6C5792CF-C71D-40CE-BAF9-6E95F619EC96}.Release|Any CPU.Build.0 = Release|Any CPU
		{6C5792CF-C71D-40CE-BAF9-6E95F619EC96}.Release|x64.ActiveCfg = Release|Any CPU
		{6C5792CF-C71D-40CE-BAF9-6E95F619EC96}.Release|x64.Build.0 = Release|Any CPU
		{6C5792CF-C71D-40CE-BAF9-6E95F619EC96}.Release|x86.ActiveCfg = Release|Any CPU
		{6C5792CF-C71D-40CE-BAF9-6E95F619EC96}.Release|x86.Build.0 = Release|Any CPU
		{8C1153A8-7F2E-4B81-B622-73AA2443F490}.Debug|Any CPU.ActiveCfg = Debug|Any CPU
		{8C1153A8-7F2E-4B81-B622-73AA2443F490}.Debug|Any CPU.Build.0 = Debug|Any CPU
		{8C1153A8-7F2E-4B81-B622-73AA2443F490}.Debug|x64.ActiveCfg = Debug|Any CPU
		{8C1153A8-7F2E-4B81-B622-73AA2443F490}.Debug|x64.Build.0 = Debug|Any CPU
		{8C1153A8-7F2E-4B81-B622-73AA2443F490}.Debug|x86.ActiveCfg = Debug|Any CPU
		{8C1153A8-7F2E-4B81-B622-73AA2443F490}.Debug|x86.Build.0 = Debug|Any CPU
		{8C1153A8-7F2E-4B81-B622-73AA2443F490}.Release|Any CPU.ActiveCfg = Release|Any CPU
		{8C1153A8-7F2E-4B81-B622-73AA2443F490}.Release|Any CPU.Build.0 = Release|Any CPU
		{8C1153A8-7F2E-4B81-B622-73AA2443F490}.Release|x64.ActiveCfg = Release|Any CPU
		{8C1153A8-7F2E-4B81-B622-73AA2443F490}.Release|x64.Build.0 = Release|Any CPU
		{8C1153A8-7F2E-4B81-B622-73AA2443F490}.Release|x86.ActiveCfg = Release|Any CPU
		{8C1153A8-7F2E-4B81-B622-73AA2443F490}.Release|x86.Build.0 = Release|Any CPU
	EndGlobalSection
	GlobalSection(SolutionProperties) = preSolution
		HideSolutionNode = FALSE
	EndGlobalSection
	GlobalSection(NestedProjects) = preSolution
		{65BF4DD9-8498-47E0-9BA6-507D0F0A24F6} = {66F319ED-8E7E-4627-B83D-5EE0719C3E8F}
		{A17E5375-1593-4D7B-9380-7FFD660BF807} = {66F319ED-8E7E-4627-B83D-5EE0719C3E8F}
		{E0D61B4C-5825-4932-B3DA-BF0D21E9F209} = {A17E5375-1593-4D7B-9380-7FFD660BF807}
		{208B58A7-2C10-43BB-8A86-DA935E8CE8D4} = {66F319ED-8E7E-4627-B83D-5EE0719C3E8F}
		{9228147D-F681-40E7-999B-5817893D8247} = {66F319ED-8E7E-4627-B83D-5EE0719C3E8F}
		{0726BA8C-994D-4B1E-B4E1-DBBBCB7FA6B4} = {66F319ED-8E7E-4627-B83D-5EE0719C3E8F}
		{8E83F3A4-706E-4C74-AFB1-5C78E80B8FAD} = {66F319ED-8E7E-4627-B83D-5EE0719C3E8F}
		{D1E540A5-4350-4134-9667-72C3CBEDE0E3} = {66F319ED-8E7E-4627-B83D-5EE0719C3E8F}
		{9B75798D-71A4-4A5B-9A51-9B2B49203D5F} = {66F319ED-8E7E-4627-B83D-5EE0719C3E8F}
		{1E91CD37-1C06-4999-95FA-19D89400592F} = {66F319ED-8E7E-4627-B83D-5EE0719C3E8F}
		{A8E7AE21-4759-4EFC-BACB-646112ED77F6} = {66F319ED-8E7E-4627-B83D-5EE0719C3E8F}
		{D3966CDF-13DD-4FF8-A383-5AAEA2D102A7} = {F5FFF0B7-BA57-4F50-84C8-15A32C04AECE}
		{61C20BE3-936A-4743-921F-5E1338386FFE} = {F5FFF0B7-BA57-4F50-84C8-15A32C04AECE}
		{054F48BD-74D8-4D56-87B6-3C43ADD8301A} = {F5FFF0B7-BA57-4F50-84C8-15A32C04AECE}
		{A58AB6E2-6210-4158-A1BA-62E4E5811E80} = {5F5CB78F-34EA-4500-9277-C6302E1A4CC7}
		{05A3BB25-427A-4ACE-8B03-3C22F76DE12E} = {5F5CB78F-34EA-4500-9277-C6302E1A4CC7}
		{41BE4C32-91A0-46F9-AA95-12D88E317BD2} = {5F5CB78F-34EA-4500-9277-C6302E1A4CC7}
		{90F11B29-AF05-41BC-A529-2530A8456C94} = {5F5CB78F-34EA-4500-9277-C6302E1A4CC7}
		{7AF21946-C8A4-4B84-8F18-243BF9FCD36D} = {03430358-5969-4AAF-9CEB-CA8DDB86C6B4}
		{613595DF-9995-4560-9E22-750BD1D801B2} = {03430358-5969-4AAF-9CEB-CA8DDB86C6B4}
		{2C274C01-7FE6-4C40-B611-5CB12234C9AD} = {03430358-5969-4AAF-9CEB-CA8DDB86C6B4}
		{3A989444-F3BB-4537-B92E-8B0CB9A4DFC8} = {03430358-5969-4AAF-9CEB-CA8DDB86C6B4}
		{41FA8338-E1D6-4125-A367-677435C9D2C9} = {03430358-5969-4AAF-9CEB-CA8DDB86C6B4}
		{B04ACE54-80B4-4B54-A6FC-D88998682DDF} = {03430358-5969-4AAF-9CEB-CA8DDB86C6B4}
		{4638AA02-353D-4452-9407-67E73F2A7529} = {8DF98E65-5BD8-443A-90A5-5CFEDB42B755}
		{3D2145CE-BE27-4CF2-B7CC-C33257E4848E} = {8DF98E65-5BD8-443A-90A5-5CFEDB42B755}
		{A4AFA089-AEC2-4DA2-8C47-2827AD3A000F} = {8DF98E65-5BD8-443A-90A5-5CFEDB42B755}
		{9B412516-2B70-489F-9796-DC053BC36E40} = {8DF98E65-5BD8-443A-90A5-5CFEDB42B755}
		{A5F5E8AC-F132-4051-90FF-D7D97CBFE299} = {8DF98E65-5BD8-443A-90A5-5CFEDB42B755}
		{61188D4F-AAAC-45E3-91E6-7AE4B46FFD23} = {8DF98E65-5BD8-443A-90A5-5CFEDB42B755}
		{F804AAE3-1490-497D-A834-B5CEB8CA1846} = {8DF98E65-5BD8-443A-90A5-5CFEDB42B755}
		{537DE388-1E69-4B6A-ACEA-E69E2FF70FBC} = {8DF98E65-5BD8-443A-90A5-5CFEDB42B755}
		{A946036F-04EF-4C32-86BA-EB49A92C27B1} = {8DF98E65-5BD8-443A-90A5-5CFEDB42B755}
		{16EBC6D2-4738-40B1-A042-DAFB826A69B1} = {8DF98E65-5BD8-443A-90A5-5CFEDB42B755}
		{9B173BD0-DB00-4E8C-B4CD-1311C610B620} = {8DF98E65-5BD8-443A-90A5-5CFEDB42B755}
		{B88474AB-D71E-4272-9BF3-2E8BA9900109} = {8DF98E65-5BD8-443A-90A5-5CFEDB42B755}
		{3D881FFF-EE18-48FA-A5B2-B6E04E4F3271} = {8DF98E65-5BD8-443A-90A5-5CFEDB42B755}
		{2C212412-7329-4A0E-9E2A-E6D240E5E08B} = {8DF98E65-5BD8-443A-90A5-5CFEDB42B755}
		{6C5792CF-C71D-40CE-BAF9-6E95F619EC96} = {8DF98E65-5BD8-443A-90A5-5CFEDB42B755}
		{8C1153A8-7F2E-4B81-B622-73AA2443F490} = {8DF98E65-5BD8-443A-90A5-5CFEDB42B755}
	EndGlobalSection
	GlobalSection(ExtensibilityGlobals) = postSolution
		SolutionGuid = {F217241F-541D-4D28-A4E8-9FF97213E2DA}
	EndGlobalSection
EndGlobal
