
Microsoft Visual Studio Solution File, Format Version 12.00
# Visual Studio Version 16
VisualStudioVersion = 16.0.31424.327
MinimumVisualStudioVersion = 10.0.40219.1
Project("{FAE04EC0-301F-11D3-BF4B-00C04F79EFBC}") = "consola", "consola\consola.csproj", "{36DB50B3-8A25-4726-A5C5-3E31FCECE06E}"
EndProject
Project("{2150E333-8FDC-42A3-9474-1A3956D46DE8}") = "introduccion a CSharp", "introduccion a CSharp", "{66F319ED-8E7E-4627-B83D-5EE0719C3E8F}"
EndProject
Project("{FAE04EC0-301F-11D3-BF4B-00C04F79EFBC}") = "MIConsolaNetCore", "MIConsolaNetCore\MIConsolaNetCore.csproj", "{65BF4DD9-8498-47E0-9BA6-507D0F0A24F6}"
EndProject
Global
	GlobalSection(SolutionConfigurationPlatforms) = preSolution
		Debug|Any CPU = Debug|Any CPU
		Release|Any CPU = Release|Any CPU
	EndGlobalSection
	GlobalSection(ProjectConfigurationPlatforms) = postSolution
		{36DB50B3-8A25-4726-A5C5-3E31FCECE06E}.Debug|Any CPU.ActiveCfg = Debug|Any CPU
		{36DB50B3-8A25-4726-A5C5-3E31FCECE06E}.Debug|Any CPU.Build.0 = Debug|Any CPU
		{36DB50B3-8A25-4726-A5C5-3E31FCECE06E}.Release|Any CPU.ActiveCfg = Release|Any CPU
		{36DB50B3-8A25-4726-A5C5-3E31FCECE06E}.Release|Any CPU.Build.0 = Release|Any CPU
		{65BF4DD9-8498-47E0-9BA6-507D0F0A24F6}.Debug|Any CPU.ActiveCfg = Debug|Any CPU
		{65BF4DD9-8498-47E0-9BA6-507D0F0A24F6}.Debug|Any CPU.Build.0 = Debug|Any CPU
		{65BF4DD9-8498-47E0-9BA6-507D0F0A24F6}.Release|Any CPU.ActiveCfg = Release|Any CPU
		{65BF4DD9-8498-47E0-9BA6-507D0F0A24F6}.Release|Any CPU.Build.0 = Release|Any CPU
	EndGlobalSection
	GlobalSection(SolutionProperties) = preSolution
		HideSolutionNode = FALSE
	EndGlobalSection
	GlobalSection(NestedProjects) = preSolution
		{65BF4DD9-8498-47E0-9BA6-507D0F0A24F6} = {66F319ED-8E7E-4627-B83D-5EE0719C3E8F}
	EndGlobalSection
	GlobalSection(ExtensibilityGlobals) = postSolution
		SolutionGuid = {F217241F-541D-4D28-A4E8-9FF97213E2DA}
	EndGlobalSection
EndGlobal
